
Microsoft Visual Studio Solution File, Format Version 12.00
# Visual Studio Version 17
VisualStudioVersion = 17.3.32819.101
MinimumVisualStudioVersion = 10.0.40219.1
Project("{FAE04EC0-301F-11D3-BF4B-00C04F79EFBC}") = "Ex01.Logger", "Ex01.Logger\Ex01.Logger.csproj", "{27ADC3C5-A964-4E30-A5AD-155B90D5694E}"
EndProject
Global
	GlobalSection(SolutionConfigurationPlatforms) = preSolution
		Debug|Any CPU = Debug|Any CPU
		Release|Any CPU = Release|Any CPU
	EndGlobalSection
	GlobalSection(ProjectConfigurationPlatforms) = postSolution
		{27ADC3C5-A964-4E30-A5AD-155B90D5694E}.Debug|Any CPU.ActiveCfg = Debug|Any CPU
		{27ADC3C5-A964-4E30-A5AD-155B90D5694E}.Debug|Any CPU.Build.0 = Debug|Any CPU
		{27ADC3C5-A964-4E30-A5AD-155B90D5694E}.Release|Any CPU.ActiveCfg = Release|Any CPU
		{27ADC3C5-A964-4E30-A5AD-155B90D5694E}.Release|Any CPU.Build.0 = Release|Any CPU
	EndGlobalSection
	GlobalSection(SolutionProperties) = preSolution
		HideSolutionNode = FALSE
	EndGlobalSection
	GlobalSection(ExtensibilityGlobals) = postSolution
		SolutionGuid = {B502F139-4FAB-41E3-B8A1-40C42F6B12B6}
	EndGlobalSection
EndGlobal
