
Microsoft Visual Studio Solution File, Format Version 12.00
# Visual Studio Version 17
VisualStudioVersion = 17.3.32819.101
MinimumVisualStudioVersion = 10.0.40219.1
Project("{FAE04EC0-301F-11D3-BF4B-00C04F79EFBC}") = "Ex01.Shapes", "Ex01.Shapes\Ex01.Shapes.csproj", "{991F8857-0C62-461C-8C83-BE4EB6BE7F1F}"
EndProject
Project("{FAE04EC0-301F-11D3-BF4B-00C04F79EFBC}") = "Ex02.Cars", "Ex02.Cars\Ex02.Cars.csproj", "{44E49F1C-325B-41D4-BD51-A12D88E0CE04}"
EndProject
Global
	GlobalSection(SolutionConfigurationPlatforms) = preSolution
		Debug|Any CPU = Debug|Any CPU
		Release|Any CPU = Release|Any CPU
	EndGlobalSection
	GlobalSection(ProjectConfigurationPlatforms) = postSolution
		{991F8857-0C62-461C-8C83-BE4EB6BE7F1F}.Debug|Any CPU.ActiveCfg = Debug|Any CPU
		{991F8857-0C62-461C-8C83-BE4EB6BE7F1F}.Debug|Any CPU.Build.0 = Debug|Any CPU
		{991F8857-0C62-461C-8C83-BE4EB6BE7F1F}.Release|Any CPU.ActiveCfg = Release|Any CPU
		{991F8857-0C62-461C-8C83-BE4EB6BE7F1F}.Release|Any CPU.Build.0 = Release|Any CPU
		{44E49F1C-325B-41D4-BD51-A12D88E0CE04}.Debug|Any CPU.ActiveCfg = Debug|Any CPU
		{44E49F1C-325B-41D4-BD51-A12D88E0CE04}.Debug|Any CPU.Build.0 = Debug|Any CPU
		{44E49F1C-325B-41D4-BD51-A12D88E0CE04}.Release|Any CPU.ActiveCfg = Release|Any CPU
		{44E49F1C-325B-41D4-BD51-A12D88E0CE04}.Release|Any CPU.Build.0 = Release|Any CPU
	EndGlobalSection
	GlobalSection(SolutionProperties) = preSolution
		HideSolutionNode = FALSE
	EndGlobalSection
	GlobalSection(ExtensibilityGlobals) = postSolution
		SolutionGuid = {BB3C2EC4-E6B4-40B3-9F48-76E43AEE8A2E}
	EndGlobalSection
EndGlobal
