
Microsoft Visual Studio Solution File, Format Version 12.00
# Visual Studio Version 17
VisualStudioVersion = 17.3.32819.101
MinimumVisualStudioVersion = 10.0.40219.1
Project("{9A19103F-16F7-4668-BE54-9A1E7A4F7556}") = "Ex01.GenericBoxOfString", "Ex01.GenericBoxOfString\Ex01.GenericBoxOfString.csproj", "{46DD5DFC-C639-4CC1-ADF9-94C66B602DD3}"
EndProject
Project("{9A19103F-16F7-4668-BE54-9A1E7A4F7556}") = "Ex02.GenericBoxOfInteger", "Ex02.GenericBoxOfInteger\Ex02.GenericBoxOfInteger.csproj", "{4E474163-5244-4B4C-8B50-BC94AAF65DE4}"
EndProject
Project("{9A19103F-16F7-4668-BE54-9A1E7A4F7556}") = "Ex03.GenericSwapMethodStrings", "Ex03.GenericSwapMethodStrings\Ex03.GenericSwapMethodStrings.csproj", "{924DE19C-1E88-4827-B3DD-4191A8A4DD08}"
EndProject
Project("{FAE04EC0-301F-11D3-BF4B-00C04F79EFBC}") = "Ex04.GenericSwapMethodIntegers", "Ex04.GenericSwapMethodIntegers\Ex04.GenericSwapMethodIntegers.csproj", "{9D766F74-CD11-402C-9FBC-6B36F11A5F19}"
EndProject
Project("{FAE04EC0-301F-11D3-BF4B-00C04F79EFBC}") = "Ex05.GenericCountMethodStrings", "Ex05.GenericCountMethodStrings\Ex05.GenericCountMethodStrings.csproj", "{E55783AC-72A1-4566-928E-0063DFA18886}"
EndProject
Project("{FAE04EC0-301F-11D3-BF4B-00C04F79EFBC}") = "Ex06.GenericCountMethodDoubles", "Ex06.GenericCountMethodDoubles\Ex06.GenericCountMethodDoubles.csproj", "{31F604E9-22A3-401F-B5AA-57AD3B154B27}"
EndProject
Project("{FAE04EC0-301F-11D3-BF4B-00C04F79EFBC}") = "Ex07.Tuple", "Ex07.Tuple\Ex07.Tuple.csproj", "{46013291-84A8-4C71-8020-8527CE9F4EF3}"
EndProject
Project("{FAE04EC0-301F-11D3-BF4B-00C04F79EFBC}") = "Ex08.Threeuple", "Ex08.Threeuple\Ex08.Threeuple.csproj", "{B38A2F2C-DEF9-4975-8685-8FEF3EC18058}"
EndProject
Project("{FAE04EC0-301F-11D3-BF4B-00C04F79EFBC}") = "Ex09.CustomLinkedList", "Ex09.CustomLinkedList\Ex09.CustomLinkedList.csproj", "{15520ED1-181F-404C-9364-408C41E229C8}"
EndProject
Global
	GlobalSection(SolutionConfigurationPlatforms) = preSolution
		Debug|Any CPU = Debug|Any CPU
		Release|Any CPU = Release|Any CPU
	EndGlobalSection
	GlobalSection(ProjectConfigurationPlatforms) = postSolution
		{46DD5DFC-C639-4CC1-ADF9-94C66B602DD3}.Debug|Any CPU.ActiveCfg = Debug|Any CPU
		{46DD5DFC-C639-4CC1-ADF9-94C66B602DD3}.Debug|Any CPU.Build.0 = Debug|Any CPU
		{46DD5DFC-C639-4CC1-ADF9-94C66B602DD3}.Release|Any CPU.ActiveCfg = Release|Any CPU
		{46DD5DFC-C639-4CC1-ADF9-94C66B602DD3}.Release|Any CPU.Build.0 = Release|Any CPU
		{4E474163-5244-4B4C-8B50-BC94AAF65DE4}.Debug|Any CPU.ActiveCfg = Debug|Any CPU
		{4E474163-5244-4B4C-8B50-BC94AAF65DE4}.Debug|Any CPU.Build.0 = Debug|Any CPU
		{4E474163-5244-4B4C-8B50-BC94AAF65DE4}.Release|Any CPU.ActiveCfg = Release|Any CPU
		{4E474163-5244-4B4C-8B50-BC94AAF65DE4}.Release|Any CPU.Build.0 = Release|Any CPU
		{924DE19C-1E88-4827-B3DD-4191A8A4DD08}.Debug|Any CPU.ActiveCfg = Debug|Any CPU
		{924DE19C-1E88-4827-B3DD-4191A8A4DD08}.Debug|Any CPU.Build.0 = Debug|Any CPU
		{924DE19C-1E88-4827-B3DD-4191A8A4DD08}.Release|Any CPU.ActiveCfg = Release|Any CPU
		{924DE19C-1E88-4827-B3DD-4191A8A4DD08}.Release|Any CPU.Build.0 = Release|Any CPU
		{9D766F74-CD11-402C-9FBC-6B36F11A5F19}.Debug|Any CPU.ActiveCfg = Debug|Any CPU
		{9D766F74-CD11-402C-9FBC-6B36F11A5F19}.Debug|Any CPU.Build.0 = Debug|Any CPU
		{9D766F74-CD11-402C-9FBC-6B36F11A5F19}.Release|Any CPU.ActiveCfg = Release|Any CPU
		{9D766F74-CD11-402C-9FBC-6B36F11A5F19}.Release|Any CPU.Build.0 = Release|Any CPU
		{E55783AC-72A1-4566-928E-0063DFA18886}.Debug|Any CPU.ActiveCfg = Debug|Any CPU
		{E55783AC-72A1-4566-928E-0063DFA18886}.Debug|Any CPU.Build.0 = Debug|Any CPU
		{E55783AC-72A1-4566-928E-0063DFA18886}.Release|Any CPU.ActiveCfg = Release|Any CPU
		{E55783AC-72A1-4566-928E-0063DFA18886}.Release|Any CPU.Build.0 = Release|Any CPU
		{31F604E9-22A3-401F-B5AA-57AD3B154B27}.Debug|Any CPU.ActiveCfg = Debug|Any CPU
		{31F604E9-22A3-401F-B5AA-57AD3B154B27}.Debug|Any CPU.Build.0 = Debug|Any CPU
		{31F604E9-22A3-401F-B5AA-57AD3B154B27}.Release|Any CPU.ActiveCfg = Release|Any CPU
		{31F604E9-22A3-401F-B5AA-57AD3B154B27}.Release|Any CPU.Build.0 = Release|Any CPU
		{46013291-84A8-4C71-8020-8527CE9F4EF3}.Debug|Any CPU.ActiveCfg = Debug|Any CPU
		{46013291-84A8-4C71-8020-8527CE9F4EF3}.Debug|Any CPU.Build.0 = Debug|Any CPU
		{46013291-84A8-4C71-8020-8527CE9F4EF3}.Release|Any CPU.ActiveCfg = Release|Any CPU
		{46013291-84A8-4C71-8020-8527CE9F4EF3}.Release|Any CPU.Build.0 = Release|Any CPU
		{B38A2F2C-DEF9-4975-8685-8FEF3EC18058}.Debug|Any CPU.ActiveCfg = Debug|Any CPU
		{B38A2F2C-DEF9-4975-8685-8FEF3EC18058}.Debug|Any CPU.Build.0 = Debug|Any CPU
		{B38A2F2C-DEF9-4975-8685-8FEF3EC18058}.Release|Any CPU.ActiveCfg = Release|Any CPU
		{B38A2F2C-DEF9-4975-8685-8FEF3EC18058}.Release|Any CPU.Build.0 = Release|Any CPU
		{15520ED1-181F-404C-9364-408C41E229C8}.Debug|Any CPU.ActiveCfg = Debug|Any CPU
		{15520ED1-181F-404C-9364-408C41E229C8}.Debug|Any CPU.Build.0 = Debug|Any CPU
		{15520ED1-181F-404C-9364-408C41E229C8}.Release|Any CPU.ActiveCfg = Release|Any CPU
		{15520ED1-181F-404C-9364-408C41E229C8}.Release|Any CPU.Build.0 = Release|Any CPU
	EndGlobalSection
	GlobalSection(SolutionProperties) = preSolution
		HideSolutionNode = FALSE
	EndGlobalSection
	GlobalSection(ExtensibilityGlobals) = postSolution
		SolutionGuid = {8B583102-50CD-4908-9497-513FD81BB584}
	EndGlobalSection
EndGlobal
