
Microsoft Visual Studio Solution File, Format Version 12.00
# Visual Studio Version 17
VisualStudioVersion = 17.4.33103.184
MinimumVisualStudioVersion = 10.0.40219.1
Project("{9A19103F-16F7-4668-BE54-9A1E7A4F7556}") = "Ex01.StudentSystem", "Ex01.StudentSystem\Ex01.StudentSystem.csproj", "{85B381AB-24CE-45ED-A13D-AAE4FF47E1DE}"
EndProject
Project("{FAE04EC0-301F-11D3-BF4B-00C04F79EFBC}") = "Ex02.FootballBetting", "Ex02.FootballBetting\Ex02.FootballBetting.csproj", "{F9D9225B-1BCC-484D-91D7-5F9A6258B136}"
EndProject
Global
	GlobalSection(SolutionConfigurationPlatforms) = preSolution
		Debug|Any CPU = Debug|Any CPU
		Release|Any CPU = Release|Any CPU
	EndGlobalSection
	GlobalSection(ProjectConfigurationPlatforms) = postSolution
		{85B381AB-24CE-45ED-A13D-AAE4FF47E1DE}.Debug|Any CPU.ActiveCfg = Debug|Any CPU
		{85B381AB-24CE-45ED-A13D-AAE4FF47E1DE}.Debug|Any CPU.Build.0 = Debug|Any CPU
		{85B381AB-24CE-45ED-A13D-AAE4FF47E1DE}.Release|Any CPU.ActiveCfg = Release|Any CPU
		{85B381AB-24CE-45ED-A13D-AAE4FF47E1DE}.Release|Any CPU.Build.0 = Release|Any CPU
		{F9D9225B-1BCC-484D-91D7-5F9A6258B136}.Debug|Any CPU.ActiveCfg = Debug|Any CPU
		{F9D9225B-1BCC-484D-91D7-5F9A6258B136}.Debug|Any CPU.Build.0 = Debug|Any CPU
		{F9D9225B-1BCC-484D-91D7-5F9A6258B136}.Release|Any CPU.ActiveCfg = Release|Any CPU
		{F9D9225B-1BCC-484D-91D7-5F9A6258B136}.Release|Any CPU.Build.0 = Release|Any CPU
	EndGlobalSection
	GlobalSection(SolutionProperties) = preSolution
		HideSolutionNode = FALSE
	EndGlobalSection
	GlobalSection(ExtensibilityGlobals) = postSolution
		SolutionGuid = {E69637CD-865B-4B09-8777-689AAC61A1CD}
	EndGlobalSection
EndGlobal
