
Microsoft Visual Studio Solution File, Format Version 12.00
# Visual Studio Version 17
VisualStudioVersion = 17.1.32328.378
MinimumVisualStudioVersion = 10.0.40219.1
Project("{FAE04EC0-301F-11D3-BF4B-00C04F79EFBC}") = "I. Using the Built-in .NET Classes", "I. Using the Built-in .NET Classes\I. Using the Built-in .NET Classes.csproj", "{452714E3-A0F9-46C7-B52B-490E18B85540}"
EndProject
Project("{FAE04EC0-301F-11D3-BF4B-00C04F79EFBC}") = "1. Randomize Words", "1. Randomize Words\1. Randomize Words.csproj", "{D846791E-D7F3-49C6-805C-0383CF6A8270}"
EndProject
Global
	GlobalSection(SolutionConfigurationPlatforms) = preSolution
		Debug|Any CPU = Debug|Any CPU
		Release|Any CPU = Release|Any CPU
	EndGlobalSection
	GlobalSection(ProjectConfigurationPlatforms) = postSolution
		{452714E3-A0F9-46C7-B52B-490E18B85540}.Debug|Any CPU.ActiveCfg = Debug|Any CPU
		{452714E3-A0F9-46C7-B52B-490E18B85540}.Debug|Any CPU.Build.0 = Debug|Any CPU
		{452714E3-A0F9-46C7-B52B-490E18B85540}.Release|Any CPU.ActiveCfg = Release|Any CPU
		{452714E3-A0F9-46C7-B52B-490E18B85540}.Release|Any CPU.Build.0 = Release|Any CPU
		{D846791E-D7F3-49C6-805C-0383CF6A8270}.Debug|Any CPU.ActiveCfg = Debug|Any CPU
		{D846791E-D7F3-49C6-805C-0383CF6A8270}.Debug|Any CPU.Build.0 = Debug|Any CPU
		{D846791E-D7F3-49C6-805C-0383CF6A8270}.Release|Any CPU.ActiveCfg = Release|Any CPU
		{D846791E-D7F3-49C6-805C-0383CF6A8270}.Release|Any CPU.Build.0 = Release|Any CPU
	EndGlobalSection
	GlobalSection(SolutionProperties) = preSolution
		HideSolutionNode = FALSE
	EndGlobalSection
	GlobalSection(ExtensibilityGlobals) = postSolution
		SolutionGuid = {B2C6452B-36E5-4AE4-A675-0C2CA3A60086}
	EndGlobalSection
EndGlobal
