
Microsoft Visual Studio Solution File, Format Version 12.00
# Visual Studio Version 17
VisualStudioVersion = 17.4.33103.184
MinimumVisualStudioVersion = 10.0.40219.1
Project("{FAE04EC0-301F-11D3-BF4B-00C04F79EFBC}") = "Ex01.AbstractClass", "Ex01.AbstractClass\Ex01.AbstractClass.csproj", "{1F14A5C5-D397-46ED-A144-1BB4CB0DCD08}"
EndProject
Global
	GlobalSection(SolutionConfigurationPlatforms) = preSolution
		Debug|Any CPU = Debug|Any CPU
		Release|Any CPU = Release|Any CPU
	EndGlobalSection
	GlobalSection(ProjectConfigurationPlatforms) = postSolution
		{1F14A5C5-D397-46ED-A144-1BB4CB0DCD08}.Debug|Any CPU.ActiveCfg = Debug|Any CPU
		{1F14A5C5-D397-46ED-A144-1BB4CB0DCD08}.Debug|Any CPU.Build.0 = Debug|Any CPU
		{1F14A5C5-D397-46ED-A144-1BB4CB0DCD08}.Release|Any CPU.ActiveCfg = Release|Any CPU
		{1F14A5C5-D397-46ED-A144-1BB4CB0DCD08}.Release|Any CPU.Build.0 = Release|Any CPU
	EndGlobalSection
	GlobalSection(SolutionProperties) = preSolution
		HideSolutionNode = FALSE
	EndGlobalSection
	GlobalSection(ExtensibilityGlobals) = postSolution
		SolutionGuid = {C2730B74-FD0C-4F5A-B3FF-1C8788663A4B}
	EndGlobalSection
EndGlobal
