
Microsoft Visual Studio Solution File, Format Version 12.00
# Visual Studio Version 17
VisualStudioVersion = 17.2.32630.192
MinimumVisualStudioVersion = 10.0.40219.1
Project("{9A19103F-16F7-4668-BE54-9A1E7A4F7556}") = "Ex01.CountSameValuesInArray", "Ex01.CountSameValuesInArray\Ex01.CountSameValuesInArray.csproj", "{3359D0AD-40E1-4DE2-8531-C01FC391C8E0}"
EndProject
Project("{9A19103F-16F7-4668-BE54-9A1E7A4F7556}") = "Ex02.AverageStudentGrades", "Ex02.AverageStudentGrades\Ex02.AverageStudentGrades.csproj", "{F8307A5B-D988-4BFC-BC2A-F1C13D9C65C2}"
EndProject
Project("{FAE04EC0-301F-11D3-BF4B-00C04F79EFBC}") = "Ex03.ProductShop", "Ex03.ProductShop\Ex03.ProductShop.csproj", "{E112687D-88ED-4F46-BAD8-8F957F9045FC}"
EndProject
Project("{FAE04EC0-301F-11D3-BF4B-00C04F79EFBC}") = "Ex04.CitiesByContinentAndCountry", "Ex04.CitiesByContinentAndCountry\Ex04.CitiesByContinentAndCountry.csproj", "{F99991A0-2A92-499F-B050-5F0FCBE0C9F6}"
EndProject
Project("{FAE04EC0-301F-11D3-BF4B-00C04F79EFBC}") = "Ex05.RecordUniqueNames", "Ex05.RecordUniqueNames\Ex05.RecordUniqueNames.csproj", "{81432040-E821-4319-890C-CCF68ECED8A0}"
EndProject
Project("{FAE04EC0-301F-11D3-BF4B-00C04F79EFBC}") = "Ex06.ParkingLot", "Ex06.ParkingLot\Ex06.ParkingLot.csproj", "{0D1E1B84-712B-48FD-A66A-C6E702F8769C}"
EndProject
Project("{FAE04EC0-301F-11D3-BF4B-00C04F79EFBC}") = "Ex07.SoftUniParty", "Ex07.SoftUniParty\Ex07.SoftUniParty.csproj", "{8DAB5488-5D3F-4220-A436-278178B413B2}"
EndProject
Global
	GlobalSection(SolutionConfigurationPlatforms) = preSolution
		Debug|Any CPU = Debug|Any CPU
		Release|Any CPU = Release|Any CPU
	EndGlobalSection
	GlobalSection(ProjectConfigurationPlatforms) = postSolution
		{3359D0AD-40E1-4DE2-8531-C01FC391C8E0}.Debug|Any CPU.ActiveCfg = Debug|Any CPU
		{3359D0AD-40E1-4DE2-8531-C01FC391C8E0}.Debug|Any CPU.Build.0 = Debug|Any CPU
		{3359D0AD-40E1-4DE2-8531-C01FC391C8E0}.Release|Any CPU.ActiveCfg = Release|Any CPU
		{3359D0AD-40E1-4DE2-8531-C01FC391C8E0}.Release|Any CPU.Build.0 = Release|Any CPU
		{F8307A5B-D988-4BFC-BC2A-F1C13D9C65C2}.Debug|Any CPU.ActiveCfg = Debug|Any CPU
		{F8307A5B-D988-4BFC-BC2A-F1C13D9C65C2}.Debug|Any CPU.Build.0 = Debug|Any CPU
		{F8307A5B-D988-4BFC-BC2A-F1C13D9C65C2}.Release|Any CPU.ActiveCfg = Release|Any CPU
		{F8307A5B-D988-4BFC-BC2A-F1C13D9C65C2}.Release|Any CPU.Build.0 = Release|Any CPU
		{E112687D-88ED-4F46-BAD8-8F957F9045FC}.Debug|Any CPU.ActiveCfg = Debug|Any CPU
		{E112687D-88ED-4F46-BAD8-8F957F9045FC}.Debug|Any CPU.Build.0 = Debug|Any CPU
		{E112687D-88ED-4F46-BAD8-8F957F9045FC}.Release|Any CPU.ActiveCfg = Release|Any CPU
		{E112687D-88ED-4F46-BAD8-8F957F9045FC}.Release|Any CPU.Build.0 = Release|Any CPU
		{F99991A0-2A92-499F-B050-5F0FCBE0C9F6}.Debug|Any CPU.ActiveCfg = Debug|Any CPU
		{F99991A0-2A92-499F-B050-5F0FCBE0C9F6}.Debug|Any CPU.Build.0 = Debug|Any CPU
		{F99991A0-2A92-499F-B050-5F0FCBE0C9F6}.Release|Any CPU.ActiveCfg = Release|Any CPU
		{F99991A0-2A92-499F-B050-5F0FCBE0C9F6}.Release|Any CPU.Build.0 = Release|Any CPU
		{81432040-E821-4319-890C-CCF68ECED8A0}.Debug|Any CPU.ActiveCfg = Debug|Any CPU
		{81432040-E821-4319-890C-CCF68ECED8A0}.Debug|Any CPU.Build.0 = Debug|Any CPU
		{81432040-E821-4319-890C-CCF68ECED8A0}.Release|Any CPU.ActiveCfg = Release|Any CPU
		{81432040-E821-4319-890C-CCF68ECED8A0}.Release|Any CPU.Build.0 = Release|Any CPU
		{0D1E1B84-712B-48FD-A66A-C6E702F8769C}.Debug|Any CPU.ActiveCfg = Debug|Any CPU
		{0D1E1B84-712B-48FD-A66A-C6E702F8769C}.Debug|Any CPU.Build.0 = Debug|Any CPU
		{0D1E1B84-712B-48FD-A66A-C6E702F8769C}.Release|Any CPU.ActiveCfg = Release|Any CPU
		{0D1E1B84-712B-48FD-A66A-C6E702F8769C}.Release|Any CPU.Build.0 = Release|Any CPU
		{8DAB5488-5D3F-4220-A436-278178B413B2}.Debug|Any CPU.ActiveCfg = Debug|Any CPU
		{8DAB5488-5D3F-4220-A436-278178B413B2}.Debug|Any CPU.Build.0 = Debug|Any CPU
		{8DAB5488-5D3F-4220-A436-278178B413B2}.Release|Any CPU.ActiveCfg = Release|Any CPU
		{8DAB5488-5D3F-4220-A436-278178B413B2}.Release|Any CPU.Build.0 = Release|Any CPU
	EndGlobalSection
	GlobalSection(SolutionProperties) = preSolution
		HideSolutionNode = FALSE
	EndGlobalSection
	GlobalSection(ExtensibilityGlobals) = postSolution
		SolutionGuid = {F7F550E4-6EE2-4244-8FFB-CF702443F754}
	EndGlobalSection
EndGlobal
