
Microsoft Visual Studio Solution File, Format Version 12.00
# Visual Studio Version 17
VisualStudioVersion = 17.1.32328.378
MinimumVisualStudioVersion = 10.0.40219.1
Project("{9A19103F-16F7-4668-BE54-9A1E7A4F7556}") = "1.  Valid Usernames", "Strings and Text Processing - Exercises\1.  Valid Usernames.csproj", "{6A6834F3-2970-421C-B90B-75FB7841769B}"
EndProject
Project("{9A19103F-16F7-4668-BE54-9A1E7A4F7556}") = "2.  Character Multiplier", "2.  Character Multiplier\2.  Character Multiplier.csproj", "{6B30AEAB-38C8-41F8-A5D8-31DC8F9244C2}"
EndProject
Project("{9A19103F-16F7-4668-BE54-9A1E7A4F7556}") = "3. Extract File", "3. Extract File\3. Extract File.csproj", "{39E69670-5131-4232-A517-9EBDB10E9768}"
EndProject
Project("{9A19103F-16F7-4668-BE54-9A1E7A4F7556}") = "4.  Caesar Cipher", "4.  Caesar Cipher\4.  Caesar Cipher.csproj", "{6AB5D56F-DC25-40B0-B9C0-8FCE6B29AFB4}"
EndProject
Project("{FAE04EC0-301F-11D3-BF4B-00C04F79EFBC}") = "Ex05. MultiplyBigNumber", "Ex05. MultiplyBigNumber\Ex05. MultiplyBigNumber.csproj", "{26D84016-93CC-4BB8-91C5-09BA17B76A0C}"
EndProject
Project("{FAE04EC0-301F-11D3-BF4B-00C04F79EFBC}") = "Ex06.ReplaceRepeatingChars", "Ex06.ReplaceRepeatingChars\Ex06.ReplaceRepeatingChars.csproj", "{FBCF1C3A-0039-4F77-9AD3-3C0F70E830A4}"
EndProject
Project("{FAE04EC0-301F-11D3-BF4B-00C04F79EFBC}") = "Ex07.StringExplosion", "Ex07.StringExplosion\Ex07.StringExplosion.csproj", "{D16A35A3-5888-405F-B000-3381355F8A6B}"
EndProject
Project("{FAE04EC0-301F-11D3-BF4B-00C04F79EFBC}") = "Ex08.LettersChangeNumbers", "Ex08.LettersChangeNumbers\Ex08.LettersChangeNumbers.csproj", "{28FD7925-06A3-4F51-BE88-CD3E269B6244}"
EndProject
Global
	GlobalSection(SolutionConfigurationPlatforms) = preSolution
		Debug|Any CPU = Debug|Any CPU
		Release|Any CPU = Release|Any CPU
	EndGlobalSection
	GlobalSection(ProjectConfigurationPlatforms) = postSolution
		{6A6834F3-2970-421C-B90B-75FB7841769B}.Debug|Any CPU.ActiveCfg = Debug|Any CPU
		{6A6834F3-2970-421C-B90B-75FB7841769B}.Debug|Any CPU.Build.0 = Debug|Any CPU
		{6A6834F3-2970-421C-B90B-75FB7841769B}.Release|Any CPU.ActiveCfg = Release|Any CPU
		{6A6834F3-2970-421C-B90B-75FB7841769B}.Release|Any CPU.Build.0 = Release|Any CPU
		{6B30AEAB-38C8-41F8-A5D8-31DC8F9244C2}.Debug|Any CPU.ActiveCfg = Debug|Any CPU
		{6B30AEAB-38C8-41F8-A5D8-31DC8F9244C2}.Debug|Any CPU.Build.0 = Debug|Any CPU
		{6B30AEAB-38C8-41F8-A5D8-31DC8F9244C2}.Release|Any CPU.ActiveCfg = Release|Any CPU
		{6B30AEAB-38C8-41F8-A5D8-31DC8F9244C2}.Release|Any CPU.Build.0 = Release|Any CPU
		{39E69670-5131-4232-A517-9EBDB10E9768}.Debug|Any CPU.ActiveCfg = Debug|Any CPU
		{39E69670-5131-4232-A517-9EBDB10E9768}.Debug|Any CPU.Build.0 = Debug|Any CPU
		{39E69670-5131-4232-A517-9EBDB10E9768}.Release|Any CPU.ActiveCfg = Release|Any CPU
		{39E69670-5131-4232-A517-9EBDB10E9768}.Release|Any CPU.Build.0 = Release|Any CPU
		{6AB5D56F-DC25-40B0-B9C0-8FCE6B29AFB4}.Debug|Any CPU.ActiveCfg = Debug|Any CPU
		{6AB5D56F-DC25-40B0-B9C0-8FCE6B29AFB4}.Debug|Any CPU.Build.0 = Debug|Any CPU
		{6AB5D56F-DC25-40B0-B9C0-8FCE6B29AFB4}.Release|Any CPU.ActiveCfg = Release|Any CPU
		{6AB5D56F-DC25-40B0-B9C0-8FCE6B29AFB4}.Release|Any CPU.Build.0 = Release|Any CPU
		{26D84016-93CC-4BB8-91C5-09BA17B76A0C}.Debug|Any CPU.ActiveCfg = Debug|Any CPU
		{26D84016-93CC-4BB8-91C5-09BA17B76A0C}.Debug|Any CPU.Build.0 = Debug|Any CPU
		{26D84016-93CC-4BB8-91C5-09BA17B76A0C}.Release|Any CPU.ActiveCfg = Release|Any CPU
		{26D84016-93CC-4BB8-91C5-09BA17B76A0C}.Release|Any CPU.Build.0 = Release|Any CPU
		{FBCF1C3A-0039-4F77-9AD3-3C0F70E830A4}.Debug|Any CPU.ActiveCfg = Debug|Any CPU
		{FBCF1C3A-0039-4F77-9AD3-3C0F70E830A4}.Debug|Any CPU.Build.0 = Debug|Any CPU
		{FBCF1C3A-0039-4F77-9AD3-3C0F70E830A4}.Release|Any CPU.ActiveCfg = Release|Any CPU
		{FBCF1C3A-0039-4F77-9AD3-3C0F70E830A4}.Release|Any CPU.Build.0 = Release|Any CPU
		{D16A35A3-5888-405F-B000-3381355F8A6B}.Debug|Any CPU.ActiveCfg = Debug|Any CPU
		{D16A35A3-5888-405F-B000-3381355F8A6B}.Debug|Any CPU.Build.0 = Debug|Any CPU
		{D16A35A3-5888-405F-B000-3381355F8A6B}.Release|Any CPU.ActiveCfg = Release|Any CPU
		{D16A35A3-5888-405F-B000-3381355F8A6B}.Release|Any CPU.Build.0 = Release|Any CPU
		{28FD7925-06A3-4F51-BE88-CD3E269B6244}.Debug|Any CPU.ActiveCfg = Debug|Any CPU
		{28FD7925-06A3-4F51-BE88-CD3E269B6244}.Debug|Any CPU.Build.0 = Debug|Any CPU
		{28FD7925-06A3-4F51-BE88-CD3E269B6244}.Release|Any CPU.ActiveCfg = Release|Any CPU
		{28FD7925-06A3-4F51-BE88-CD3E269B6244}.Release|Any CPU.Build.0 = Release|Any CPU
	EndGlobalSection
	GlobalSection(SolutionProperties) = preSolution
		HideSolutionNode = FALSE
	EndGlobalSection
	GlobalSection(ExtensibilityGlobals) = postSolution
		SolutionGuid = {328BC328-86A2-4CF5-9655-2AFCF5D48A73}
	EndGlobalSection
EndGlobal
