
Microsoft Visual Studio Solution File, Format Version 12.00
# Visual Studio Version 17
VisualStudioVersion = 17.1.32328.378
MinimumVisualStudioVersion = 10.0.40219.1
Project("{FAE04EC0-301F-11D3-BF4B-00C04F79EFBC}") = "Ex00.OLX.ChessSearcher", "Regex_Exercises\Ex00.OLX.ChessSearcher.csproj", "{EE080560-9026-43A1-9632-02381DC682AD}"
EndProject
Project("{FAE04EC0-301F-11D3-BF4B-00C04F79EFBC}") = "Ex02.Race", "Ex02.Race\Ex02.Race.csproj", "{D1ACC68B-4E47-4B16-AB18-43513F44F550}"
EndProject
Project("{FAE04EC0-301F-11D3-BF4B-00C04F79EFBC}") = "Ex01.Furniture", "Ex01.Furniture\Ex01.Furniture.csproj", "{5790B749-2673-41DA-80B0-9A6D6FB5DB96}"
EndProject
Global
	GlobalSection(SolutionConfigurationPlatforms) = preSolution
		Debug|Any CPU = Debug|Any CPU
		Release|Any CPU = Release|Any CPU
	EndGlobalSection
	GlobalSection(ProjectConfigurationPlatforms) = postSolution
		{EE080560-9026-43A1-9632-02381DC682AD}.Debug|Any CPU.ActiveCfg = Debug|Any CPU
		{EE080560-9026-43A1-9632-02381DC682AD}.Debug|Any CPU.Build.0 = Debug|Any CPU
		{EE080560-9026-43A1-9632-02381DC682AD}.Release|Any CPU.ActiveCfg = Release|Any CPU
		{EE080560-9026-43A1-9632-02381DC682AD}.Release|Any CPU.Build.0 = Release|Any CPU
		{D1ACC68B-4E47-4B16-AB18-43513F44F550}.Debug|Any CPU.ActiveCfg = Debug|Any CPU
		{D1ACC68B-4E47-4B16-AB18-43513F44F550}.Debug|Any CPU.Build.0 = Debug|Any CPU
		{D1ACC68B-4E47-4B16-AB18-43513F44F550}.Release|Any CPU.ActiveCfg = Release|Any CPU
		{D1ACC68B-4E47-4B16-AB18-43513F44F550}.Release|Any CPU.Build.0 = Release|Any CPU
		{5790B749-2673-41DA-80B0-9A6D6FB5DB96}.Debug|Any CPU.ActiveCfg = Debug|Any CPU
		{5790B749-2673-41DA-80B0-9A6D6FB5DB96}.Debug|Any CPU.Build.0 = Debug|Any CPU
		{5790B749-2673-41DA-80B0-9A6D6FB5DB96}.Release|Any CPU.ActiveCfg = Release|Any CPU
		{5790B749-2673-41DA-80B0-9A6D6FB5DB96}.Release|Any CPU.Build.0 = Release|Any CPU
	EndGlobalSection
	GlobalSection(SolutionProperties) = preSolution
		HideSolutionNode = FALSE
	EndGlobalSection
	GlobalSection(ExtensibilityGlobals) = postSolution
		SolutionGuid = {7499756A-3D53-4E90-8161-ABD2CA0E3AB1}
	EndGlobalSection
EndGlobal
