
Microsoft Visual Studio Solution File, Format Version 12.00
# Visual Studio Version 17
VisualStudioVersion = 17.2.32630.192
MinimumVisualStudioVersion = 10.0.40219.1
Project("{FAE04EC0-301F-11D3-BF4B-00C04F79EFBC}") = "Ex01.EvenLines", "Ex01.EvenLines\Ex01.EvenLines.csproj", "{B0026FE2-EC84-4E5E-95B7-DB475E6B3D9B}"
EndProject
Project("{FAE04EC0-301F-11D3-BF4B-00C04F79EFBC}") = "Ex02.LineNumbers", "Ex02.LineNumbers\Ex02.LineNumbers.csproj", "{62A35B23-9FD2-47C5-97F6-31195A2A2CFC}"
EndProject
Project("{FAE04EC0-301F-11D3-BF4B-00C04F79EFBC}") = "Ex03.WordCount", "Ex03.WordCount\Ex03.WordCount.csproj", "{47E95C4D-2629-4A57-AFDB-29EC750F0400}"
EndProject
Global
	GlobalSection(SolutionConfigurationPlatforms) = preSolution
		Debug|Any CPU = Debug|Any CPU
		Release|Any CPU = Release|Any CPU
	EndGlobalSection
	GlobalSection(ProjectConfigurationPlatforms) = postSolution
		{B0026FE2-EC84-4E5E-95B7-DB475E6B3D9B}.Debug|Any CPU.ActiveCfg = Debug|Any CPU
		{B0026FE2-EC84-4E5E-95B7-DB475E6B3D9B}.Debug|Any CPU.Build.0 = Debug|Any CPU
		{B0026FE2-EC84-4E5E-95B7-DB475E6B3D9B}.Release|Any CPU.ActiveCfg = Release|Any CPU
		{B0026FE2-EC84-4E5E-95B7-DB475E6B3D9B}.Release|Any CPU.Build.0 = Release|Any CPU
		{62A35B23-9FD2-47C5-97F6-31195A2A2CFC}.Debug|Any CPU.ActiveCfg = Debug|Any CPU
		{62A35B23-9FD2-47C5-97F6-31195A2A2CFC}.Debug|Any CPU.Build.0 = Debug|Any CPU
		{62A35B23-9FD2-47C5-97F6-31195A2A2CFC}.Release|Any CPU.ActiveCfg = Release|Any CPU
		{62A35B23-9FD2-47C5-97F6-31195A2A2CFC}.Release|Any CPU.Build.0 = Release|Any CPU
		{47E95C4D-2629-4A57-AFDB-29EC750F0400}.Debug|Any CPU.ActiveCfg = Debug|Any CPU
		{47E95C4D-2629-4A57-AFDB-29EC750F0400}.Debug|Any CPU.Build.0 = Debug|Any CPU
		{47E95C4D-2629-4A57-AFDB-29EC750F0400}.Release|Any CPU.ActiveCfg = Release|Any CPU
		{47E95C4D-2629-4A57-AFDB-29EC750F0400}.Release|Any CPU.Build.0 = Release|Any CPU
	EndGlobalSection
	GlobalSection(SolutionProperties) = preSolution
		HideSolutionNode = FALSE
	EndGlobalSection
	GlobalSection(ExtensibilityGlobals) = postSolution
		SolutionGuid = {6E6173E6-54FC-464E-940E-CDA6431075C4}
	EndGlobalSection
EndGlobal
