
Microsoft Visual Studio Solution File, Format Version 12.00
# Visual Studio Version 17
VisualStudioVersion = 17.2.32630.192
MinimumVisualStudioVersion = 10.0.40219.1
Project("{9A19103F-16F7-4668-BE54-9A1E7A4F7556}") = "Ex01.OddLines", "Lab\Ex01.OddLines\Ex01.OddLines.csproj", "{CC301ED4-DB76-4A78-9A28-2945E49773F7}"
EndProject
Project("{FAE04EC0-301F-11D3-BF4B-00C04F79EFBC}") = "Ex02.LineNumbers", "Ex02.LineNumbers\Ex02.LineNumbers.csproj", "{EBAA0CED-21E2-4956-B791-C9880ACD2106}"
EndProject
Global
	GlobalSection(SolutionConfigurationPlatforms) = preSolution
		Debug|Any CPU = Debug|Any CPU
		Release|Any CPU = Release|Any CPU
	EndGlobalSection
	GlobalSection(ProjectConfigurationPlatforms) = postSolution
		{CC301ED4-DB76-4A78-9A28-2945E49773F7}.Debug|Any CPU.ActiveCfg = Debug|Any CPU
		{CC301ED4-DB76-4A78-9A28-2945E49773F7}.Debug|Any CPU.Build.0 = Debug|Any CPU
		{CC301ED4-DB76-4A78-9A28-2945E49773F7}.Release|Any CPU.ActiveCfg = Release|Any CPU
		{CC301ED4-DB76-4A78-9A28-2945E49773F7}.Release|Any CPU.Build.0 = Release|Any CPU
		{EBAA0CED-21E2-4956-B791-C9880ACD2106}.Debug|Any CPU.ActiveCfg = Debug|Any CPU
		{EBAA0CED-21E2-4956-B791-C9880ACD2106}.Debug|Any CPU.Build.0 = Debug|Any CPU
		{EBAA0CED-21E2-4956-B791-C9880ACD2106}.Release|Any CPU.ActiveCfg = Release|Any CPU
		{EBAA0CED-21E2-4956-B791-C9880ACD2106}.Release|Any CPU.Build.0 = Release|Any CPU
	EndGlobalSection
	GlobalSection(SolutionProperties) = preSolution
		HideSolutionNode = FALSE
	EndGlobalSection
	GlobalSection(ExtensibilityGlobals) = postSolution
		SolutionGuid = {484AED6B-3698-49D4-8EC9-F92AFB915D4F}
	EndGlobalSection
EndGlobal
