
Microsoft Visual Studio Solution File, Format Version 12.00
# Visual Studio Version 17
VisualStudioVersion = 17.4.33103.184
MinimumVisualStudioVersion = 10.0.40219.1
Project("{9A19103F-16F7-4668-BE54-9A1E7A4F7556}") = "Ex01.ImportSoftUniDatabase", "Ex01.ImportSoftUniDatabase\Ex01.ImportSoftUniDatabase.csproj", "{FF240ED4-0165-44D1-969D-EFC6ADC8EC0F}"
EndProject
Project("{9A19103F-16F7-4668-BE54-9A1E7A4F7556}") = "Ex02.MigrationExersices", "Ex02.MigrationExersices\Ex02.MigrationExersices.csproj", "{70CA3BE9-424C-4D4F-96B8-674CEB596774}"
EndProject
Project("{FAE04EC0-301F-11D3-BF4B-00C04F79EFBC}") = "Ex03.EmployeesFullInformation", "Ex3.EmployeesFullInformation\Ex03.EmployeesFullInformation.csproj", "{1F07B0F9-1338-49AF-B2D5-37A9DA09FF90}"
EndProject
Project("{FAE04EC0-301F-11D3-BF4B-00C04F79EFBC}") = "Ex04.EmployeesWithSalaryOver50000", "Ex04.EmployeesWithSalaryOver50000\Ex04.EmployeesWithSalaryOver50000.csproj", "{035410EF-B237-43F4-9E2D-B7A8A619A8E6}"
EndProject
Global
	GlobalSection(SolutionConfigurationPlatforms) = preSolution
		Debug|Any CPU = Debug|Any CPU
		Release|Any CPU = Release|Any CPU
	EndGlobalSection
	GlobalSection(ProjectConfigurationPlatforms) = postSolution
		{FF240ED4-0165-44D1-969D-EFC6ADC8EC0F}.Debug|Any CPU.ActiveCfg = Debug|Any CPU
		{FF240ED4-0165-44D1-969D-EFC6ADC8EC0F}.Debug|Any CPU.Build.0 = Debug|Any CPU
		{FF240ED4-0165-44D1-969D-EFC6ADC8EC0F}.Release|Any CPU.ActiveCfg = Release|Any CPU
		{FF240ED4-0165-44D1-969D-EFC6ADC8EC0F}.Release|Any CPU.Build.0 = Release|Any CPU
		{70CA3BE9-424C-4D4F-96B8-674CEB596774}.Debug|Any CPU.ActiveCfg = Debug|Any CPU
		{70CA3BE9-424C-4D4F-96B8-674CEB596774}.Debug|Any CPU.Build.0 = Debug|Any CPU
		{70CA3BE9-424C-4D4F-96B8-674CEB596774}.Release|Any CPU.ActiveCfg = Release|Any CPU
		{70CA3BE9-424C-4D4F-96B8-674CEB596774}.Release|Any CPU.Build.0 = Release|Any CPU
		{1F07B0F9-1338-49AF-B2D5-37A9DA09FF90}.Debug|Any CPU.ActiveCfg = Debug|Any CPU
		{1F07B0F9-1338-49AF-B2D5-37A9DA09FF90}.Debug|Any CPU.Build.0 = Debug|Any CPU
		{1F07B0F9-1338-49AF-B2D5-37A9DA09FF90}.Release|Any CPU.ActiveCfg = Release|Any CPU
		{1F07B0F9-1338-49AF-B2D5-37A9DA09FF90}.Release|Any CPU.Build.0 = Release|Any CPU
		{035410EF-B237-43F4-9E2D-B7A8A619A8E6}.Debug|Any CPU.ActiveCfg = Debug|Any CPU
		{035410EF-B237-43F4-9E2D-B7A8A619A8E6}.Debug|Any CPU.Build.0 = Debug|Any CPU
		{035410EF-B237-43F4-9E2D-B7A8A619A8E6}.Release|Any CPU.ActiveCfg = Release|Any CPU
		{035410EF-B237-43F4-9E2D-B7A8A619A8E6}.Release|Any CPU.Build.0 = Release|Any CPU
	EndGlobalSection
	GlobalSection(SolutionProperties) = preSolution
		HideSolutionNode = FALSE
	EndGlobalSection
	GlobalSection(ExtensibilityGlobals) = postSolution
		SolutionGuid = {C4E22FA0-2470-4409-82F5-7177F51A5116}
	EndGlobalSection
EndGlobal
