
Microsoft Visual Studio Solution File, Format Version 12.00
# Visual Studio Version 17
VisualStudioVersion = 17.1.32328.378
MinimumVisualStudioVersion = 10.0.40219.1
Project("{9A19103F-16F7-4668-BE54-9A1E7A4F7556}") = "АА-temp", "Associative Arrays\АА-temp.csproj", "{3A94EAE8-39E3-4F7B-AA10-A1BAAAD3B93A}"
EndProject
Project("{FAE04EC0-301F-11D3-BF4B-00C04F79EFBC}") = "1. Associative Arrays", "I. Associative Arrays\1. Associative Arrays.csproj", "{176878FB-1034-45FD-A223-AB5D6D91074B}"
EndProject
Project("{FAE04EC0-301F-11D3-BF4B-00C04F79EFBC}") = "2. Odd Occurrences", "2. Odd Occurrences\2. Odd Occurrences.csproj", "{D00BF5AD-19A5-437A-BA16-DB62DA0E7CB2}"
EndProject
Project("{FAE04EC0-301F-11D3-BF4B-00C04F79EFBC}") = "3. Word Synonyms", "3. Word Synonyms\3. Word Synonyms.csproj", "{28E72DFC-707D-4633-9111-0F272886D142}"
EndProject
Project("{FAE04EC0-301F-11D3-BF4B-00C04F79EFBC}") = "4. Largest 3 Numbers", "4. Largest 3 Numbers\4. Largest 3 Numbers.csproj", "{61EF01DB-DB47-4408-BE1E-9D3E320D1F60}"
EndProject
Project("{FAE04EC0-301F-11D3-BF4B-00C04F79EFBC}") = "5. Word Filter", "5. Word Filter\5. Word Filter.csproj", "{B82CD753-BBD7-4820-9FF3-73AFC0AC2AD9}"
EndProject
Global
	GlobalSection(SolutionConfigurationPlatforms) = preSolution
		Debug|Any CPU = Debug|Any CPU
		Release|Any CPU = Release|Any CPU
	EndGlobalSection
	GlobalSection(ProjectConfigurationPlatforms) = postSolution
		{3A94EAE8-39E3-4F7B-AA10-A1BAAAD3B93A}.Debug|Any CPU.ActiveCfg = Debug|Any CPU
		{3A94EAE8-39E3-4F7B-AA10-A1BAAAD3B93A}.Debug|Any CPU.Build.0 = Debug|Any CPU
		{3A94EAE8-39E3-4F7B-AA10-A1BAAAD3B93A}.Release|Any CPU.ActiveCfg = Release|Any CPU
		{3A94EAE8-39E3-4F7B-AA10-A1BAAAD3B93A}.Release|Any CPU.Build.0 = Release|Any CPU
		{176878FB-1034-45FD-A223-AB5D6D91074B}.Debug|Any CPU.ActiveCfg = Debug|Any CPU
		{176878FB-1034-45FD-A223-AB5D6D91074B}.Debug|Any CPU.Build.0 = Debug|Any CPU
		{176878FB-1034-45FD-A223-AB5D6D91074B}.Release|Any CPU.ActiveCfg = Release|Any CPU
		{176878FB-1034-45FD-A223-AB5D6D91074B}.Release|Any CPU.Build.0 = Release|Any CPU
		{D00BF5AD-19A5-437A-BA16-DB62DA0E7CB2}.Debug|Any CPU.ActiveCfg = Debug|Any CPU
		{D00BF5AD-19A5-437A-BA16-DB62DA0E7CB2}.Debug|Any CPU.Build.0 = Debug|Any CPU
		{D00BF5AD-19A5-437A-BA16-DB62DA0E7CB2}.Release|Any CPU.ActiveCfg = Release|Any CPU
		{D00BF5AD-19A5-437A-BA16-DB62DA0E7CB2}.Release|Any CPU.Build.0 = Release|Any CPU
		{28E72DFC-707D-4633-9111-0F272886D142}.Debug|Any CPU.ActiveCfg = Debug|Any CPU
		{28E72DFC-707D-4633-9111-0F272886D142}.Debug|Any CPU.Build.0 = Debug|Any CPU
		{28E72DFC-707D-4633-9111-0F272886D142}.Release|Any CPU.ActiveCfg = Release|Any CPU
		{28E72DFC-707D-4633-9111-0F272886D142}.Release|Any CPU.Build.0 = Release|Any CPU
		{61EF01DB-DB47-4408-BE1E-9D3E320D1F60}.Debug|Any CPU.ActiveCfg = Debug|Any CPU
		{61EF01DB-DB47-4408-BE1E-9D3E320D1F60}.Debug|Any CPU.Build.0 = Debug|Any CPU
		{61EF01DB-DB47-4408-BE1E-9D3E320D1F60}.Release|Any CPU.ActiveCfg = Release|Any CPU
		{61EF01DB-DB47-4408-BE1E-9D3E320D1F60}.Release|Any CPU.Build.0 = Release|Any CPU
		{B82CD753-BBD7-4820-9FF3-73AFC0AC2AD9}.Debug|Any CPU.ActiveCfg = Debug|Any CPU
		{B82CD753-BBD7-4820-9FF3-73AFC0AC2AD9}.Debug|Any CPU.Build.0 = Debug|Any CPU
		{B82CD753-BBD7-4820-9FF3-73AFC0AC2AD9}.Release|Any CPU.ActiveCfg = Release|Any CPU
		{B82CD753-BBD7-4820-9FF3-73AFC0AC2AD9}.Release|Any CPU.Build.0 = Release|Any CPU
	EndGlobalSection
	GlobalSection(SolutionProperties) = preSolution
		HideSolutionNode = FALSE
	EndGlobalSection
	GlobalSection(ExtensibilityGlobals) = postSolution
		SolutionGuid = {1EC3706C-4AB9-4438-BA1A-2C813C9756F8}
	EndGlobalSection
EndGlobal
