
Microsoft Visual Studio Solution File, Format Version 12.00
# Visual Studio Version 17
VisualStudioVersion = 17.2.32630.192
MinimumVisualStudioVersion = 10.0.40219.1
Project("{FAE04EC0-301F-11D3-BF4B-00C04F79EFBC}") = "Ex01.SoftUniReception", "Ex01.SoftUniReception\Ex01.SoftUniReception.csproj", "{7FA8D09F-9D4E-4747-AAED-51B1922FE8A2}"
EndProject
Project("{FAE04EC0-301F-11D3-BF4B-00C04F79EFBC}") = "Ex02.ArrayModifier", "Ex01.ArrayModifier\Ex02.ArrayModifier.csproj", "{EF215FB2-AF30-486D-BB6E-64F0FFE6F28C}"
EndProject
Project("{FAE04EC0-301F-11D3-BF4B-00C04F79EFBC}") = "Ex03.Numbers", "Ex03. Numbers\Ex03.Numbers.csproj", "{9D79C3EE-30D7-4EA3-8611-713A54061BEB}"
EndProject
Global
	GlobalSection(SolutionConfigurationPlatforms) = preSolution
		Debug|Any CPU = Debug|Any CPU
		Release|Any CPU = Release|Any CPU
	EndGlobalSection
	GlobalSection(ProjectConfigurationPlatforms) = postSolution
		{7FA8D09F-9D4E-4747-AAED-51B1922FE8A2}.Debug|Any CPU.ActiveCfg = Debug|Any CPU
		{7FA8D09F-9D4E-4747-AAED-51B1922FE8A2}.Debug|Any CPU.Build.0 = Debug|Any CPU
		{7FA8D09F-9D4E-4747-AAED-51B1922FE8A2}.Release|Any CPU.ActiveCfg = Release|Any CPU
		{7FA8D09F-9D4E-4747-AAED-51B1922FE8A2}.Release|Any CPU.Build.0 = Release|Any CPU
		{EF215FB2-AF30-486D-BB6E-64F0FFE6F28C}.Debug|Any CPU.ActiveCfg = Debug|Any CPU
		{EF215FB2-AF30-486D-BB6E-64F0FFE6F28C}.Debug|Any CPU.Build.0 = Debug|Any CPU
		{EF215FB2-AF30-486D-BB6E-64F0FFE6F28C}.Release|Any CPU.ActiveCfg = Release|Any CPU
		{EF215FB2-AF30-486D-BB6E-64F0FFE6F28C}.Release|Any CPU.Build.0 = Release|Any CPU
		{9D79C3EE-30D7-4EA3-8611-713A54061BEB}.Debug|Any CPU.ActiveCfg = Debug|Any CPU
		{9D79C3EE-30D7-4EA3-8611-713A54061BEB}.Debug|Any CPU.Build.0 = Debug|Any CPU
		{9D79C3EE-30D7-4EA3-8611-713A54061BEB}.Release|Any CPU.ActiveCfg = Release|Any CPU
		{9D79C3EE-30D7-4EA3-8611-713A54061BEB}.Release|Any CPU.Build.0 = Release|Any CPU
	EndGlobalSection
	GlobalSection(SolutionProperties) = preSolution
		HideSolutionNode = FALSE
	EndGlobalSection
	GlobalSection(ExtensibilityGlobals) = postSolution
		SolutionGuid = {BCF17971-D224-47E0-B4E4-972994CF4384}
	EndGlobalSection
EndGlobal
