
Microsoft Visual Studio Solution File, Format Version 12.00
# Visual Studio Version 17
VisualStudioVersion = 17.3.32819.101
MinimumVisualStudioVersion = 10.0.40219.1
Project("{FAE04EC0-301F-11D3-BF4B-00C04F79EFBC}") = "Ex01.Person", "Ex01.Person\Ex01.Person.csproj", "{C62276FC-C0CD-41D9-920F-55240D81C062}"
EndProject
Global
	GlobalSection(SolutionConfigurationPlatforms) = preSolution
		Debug|Any CPU = Debug|Any CPU
		Release|Any CPU = Release|Any CPU
	EndGlobalSection
	GlobalSection(ProjectConfigurationPlatforms) = postSolution
		{C62276FC-C0CD-41D9-920F-55240D81C062}.Debug|Any CPU.ActiveCfg = Debug|Any CPU
		{C62276FC-C0CD-41D9-920F-55240D81C062}.Debug|Any CPU.Build.0 = Debug|Any CPU
		{C62276FC-C0CD-41D9-920F-55240D81C062}.Release|Any CPU.ActiveCfg = Release|Any CPU
		{C62276FC-C0CD-41D9-920F-55240D81C062}.Release|Any CPU.Build.0 = Release|Any CPU
	EndGlobalSection
	GlobalSection(SolutionProperties) = preSolution
		HideSolutionNode = FALSE
	EndGlobalSection
	GlobalSection(ExtensibilityGlobals) = postSolution
		SolutionGuid = {AA7EFDBA-1069-4918-97C8-BA95CD0266B5}
	EndGlobalSection
EndGlobal
