
Microsoft Visual Studio Solution File, Format Version 12.00
# Visual Studio Version 17
VisualStudioVersion = 17.3.32819.101
MinimumVisualStudioVersion = 10.0.40219.1
Project("{FAE04EC0-301F-11D3-BF4B-00C04F79EFBC}") = "Ex01.SingleInheritance", "Ex01.SingleInheritance\Ex01.SingleInheritance.csproj", "{BCCE222B-E44D-4713-9DC9-CB42184306D2}"
EndProject
Project("{FAE04EC0-301F-11D3-BF4B-00C04F79EFBC}") = "Ex02.MultipleInheritance", "Ex02.MultipleInheritance\Ex02.MultipleInheritance.csproj", "{67974050-E8CA-4CD7-A930-E562383C24DA}"
EndProject
Project("{FAE04EC0-301F-11D3-BF4B-00C04F79EFBC}") = "Ex03.HierarchicalInheritance", "Ex03.HierarchicalInheritance\Ex03.HierarchicalInheritance.csproj", "{1563C55D-D2CC-4F2F-A61E-46D599A659DD}"
EndProject
Project("{FAE04EC0-301F-11D3-BF4B-00C04F79EFBC}") = "Ex04.RandomList", "Ex04.RandomList\Ex04.RandomList.csproj", "{01BD1AE4-D047-46E0-A669-DDB2F4F5E8A8}"
EndProject
Project("{FAE04EC0-301F-11D3-BF4B-00C04F79EFBC}") = "Ex05.StackOfStrings", "Ex05.StackOfStrings\Ex05.StackOfStrings.csproj", "{CAF41384-EE55-454B-A6D1-86EEF3F89F2C}"
EndProject
Global
	GlobalSection(SolutionConfigurationPlatforms) = preSolution
		Debug|Any CPU = Debug|Any CPU
		Release|Any CPU = Release|Any CPU
	EndGlobalSection
	GlobalSection(ProjectConfigurationPlatforms) = postSolution
		{BCCE222B-E44D-4713-9DC9-CB42184306D2}.Debug|Any CPU.ActiveCfg = Debug|Any CPU
		{BCCE222B-E44D-4713-9DC9-CB42184306D2}.Debug|Any CPU.Build.0 = Debug|Any CPU
		{BCCE222B-E44D-4713-9DC9-CB42184306D2}.Release|Any CPU.ActiveCfg = Release|Any CPU
		{BCCE222B-E44D-4713-9DC9-CB42184306D2}.Release|Any CPU.Build.0 = Release|Any CPU
		{67974050-E8CA-4CD7-A930-E562383C24DA}.Debug|Any CPU.ActiveCfg = Debug|Any CPU
		{67974050-E8CA-4CD7-A930-E562383C24DA}.Debug|Any CPU.Build.0 = Debug|Any CPU
		{67974050-E8CA-4CD7-A930-E562383C24DA}.Release|Any CPU.ActiveCfg = Release|Any CPU
		{67974050-E8CA-4CD7-A930-E562383C24DA}.Release|Any CPU.Build.0 = Release|Any CPU
		{1563C55D-D2CC-4F2F-A61E-46D599A659DD}.Debug|Any CPU.ActiveCfg = Debug|Any CPU
		{1563C55D-D2CC-4F2F-A61E-46D599A659DD}.Debug|Any CPU.Build.0 = Debug|Any CPU
		{1563C55D-D2CC-4F2F-A61E-46D599A659DD}.Release|Any CPU.ActiveCfg = Release|Any CPU
		{1563C55D-D2CC-4F2F-A61E-46D599A659DD}.Release|Any CPU.Build.0 = Release|Any CPU
		{01BD1AE4-D047-46E0-A669-DDB2F4F5E8A8}.Debug|Any CPU.ActiveCfg = Debug|Any CPU
		{01BD1AE4-D047-46E0-A669-DDB2F4F5E8A8}.Debug|Any CPU.Build.0 = Debug|Any CPU
		{01BD1AE4-D047-46E0-A669-DDB2F4F5E8A8}.Release|Any CPU.ActiveCfg = Release|Any CPU
		{01BD1AE4-D047-46E0-A669-DDB2F4F5E8A8}.Release|Any CPU.Build.0 = Release|Any CPU
		{CAF41384-EE55-454B-A6D1-86EEF3F89F2C}.Debug|Any CPU.ActiveCfg = Debug|Any CPU
		{CAF41384-EE55-454B-A6D1-86EEF3F89F2C}.Debug|Any CPU.Build.0 = Debug|Any CPU
		{CAF41384-EE55-454B-A6D1-86EEF3F89F2C}.Release|Any CPU.ActiveCfg = Release|Any CPU
		{CAF41384-EE55-454B-A6D1-86EEF3F89F2C}.Release|Any CPU.Build.0 = Release|Any CPU
	EndGlobalSection
	GlobalSection(SolutionProperties) = preSolution
		HideSolutionNode = FALSE
	EndGlobalSection
	GlobalSection(ExtensibilityGlobals) = postSolution
		SolutionGuid = {91FA9B3C-F67C-4620-89E3-311E6C385769}
	EndGlobalSection
EndGlobal
