
Microsoft Visual Studio Solution File, Format Version 12.00
# Visual Studio Version 17
VisualStudioVersion = 17.3.32819.101
MinimumVisualStudioVersion = 10.0.40219.1
Project("{9A19103F-16F7-4668-BE54-9A1E7A4F7556}") = "Ex01.BinarySearch", "Ex01.BinarySearch\Ex01.BinarySearch.csproj", "{B096C31C-AA86-44D2-9E43-316BCEFFC009}"
EndProject
Project("{FAE04EC0-301F-11D3-BF4B-00C04F79EFBC}") = "Ex02.SelectionSort", "Ex02.SelectionSort\Ex02.SelectionSort.csproj", "{EE439863-98C2-4540-A72F-11350087A615}"
EndProject
Project("{FAE04EC0-301F-11D3-BF4B-00C04F79EFBC}") = "Ex03.BubbleSort", "Ex03.BubbleSort\Ex03.BubbleSort.csproj", "{12800A63-6DBA-49A9-B643-C4FC2CA1C895}"
EndProject
Global
	GlobalSection(SolutionConfigurationPlatforms) = preSolution
		Debug|Any CPU = Debug|Any CPU
		Release|Any CPU = Release|Any CPU
	EndGlobalSection
	GlobalSection(ProjectConfigurationPlatforms) = postSolution
		{B096C31C-AA86-44D2-9E43-316BCEFFC009}.Debug|Any CPU.ActiveCfg = Debug|Any CPU
		{B096C31C-AA86-44D2-9E43-316BCEFFC009}.Debug|Any CPU.Build.0 = Debug|Any CPU
		{B096C31C-AA86-44D2-9E43-316BCEFFC009}.Release|Any CPU.ActiveCfg = Release|Any CPU
		{B096C31C-AA86-44D2-9E43-316BCEFFC009}.Release|Any CPU.Build.0 = Release|Any CPU
		{EE439863-98C2-4540-A72F-11350087A615}.Debug|Any CPU.ActiveCfg = Debug|Any CPU
		{EE439863-98C2-4540-A72F-11350087A615}.Debug|Any CPU.Build.0 = Debug|Any CPU
		{EE439863-98C2-4540-A72F-11350087A615}.Release|Any CPU.ActiveCfg = Release|Any CPU
		{EE439863-98C2-4540-A72F-11350087A615}.Release|Any CPU.Build.0 = Release|Any CPU
		{12800A63-6DBA-49A9-B643-C4FC2CA1C895}.Debug|Any CPU.ActiveCfg = Debug|Any CPU
		{12800A63-6DBA-49A9-B643-C4FC2CA1C895}.Debug|Any CPU.Build.0 = Debug|Any CPU
		{12800A63-6DBA-49A9-B643-C4FC2CA1C895}.Release|Any CPU.ActiveCfg = Release|Any CPU
		{12800A63-6DBA-49A9-B643-C4FC2CA1C895}.Release|Any CPU.Build.0 = Release|Any CPU
	EndGlobalSection
	GlobalSection(SolutionProperties) = preSolution
		HideSolutionNode = FALSE
	EndGlobalSection
	GlobalSection(ExtensibilityGlobals) = postSolution
		SolutionGuid = {586852D5-B5ED-4E9B-942E-112066C75F88}
	EndGlobalSection
EndGlobal
