
Microsoft Visual Studio Solution File, Format Version 12.00
# Visual Studio Version 17
VisualStudioVersion = 17.2.32630.192
MinimumVisualStudioVersion = 10.0.40219.1
Project("{9A19103F-16F7-4668-BE54-9A1E7A4F7556}") = "Ex01.ReverseStrings", "Ex01.ReverseStrings\Ex01.ReverseStrings.csproj", "{35256A7C-90B9-4858-ADD0-9C718BD44A2D}"
EndProject
Project("{9A19103F-16F7-4668-BE54-9A1E7A4F7556}") = "Ex02.StackSum", "Ex02.StackSum\Ex02.StackSum.csproj", "{3556A064-65DF-4B12-A17F-B9AADBF34C97}"
EndProject
Project("{9A19103F-16F7-4668-BE54-9A1E7A4F7556}") = "Ex03.SimpleCalculator", "Ex03.SimpleCalculator\Ex03.SimpleCalculator.csproj", "{69763DD4-4158-4989-B0DF-1BA798AB851A}"
EndProject
Project("{9A19103F-16F7-4668-BE54-9A1E7A4F7556}") = "Ex04.MatchingBrackets", "Ex04.MatchingBrackets\Ex04.MatchingBrackets.csproj", "{D55CE588-278A-4A7F-BC2B-761C9D0ADBA7}"
EndProject
Project("{9A19103F-16F7-4668-BE54-9A1E7A4F7556}") = "Ex05.PrintEvenNumbers", "Ex05.PrintEvenNumbers\Ex05.PrintEvenNumbers.csproj", "{3C6A1D39-76FB-488E-949E-51C825C648B1}"
EndProject
Project("{9A19103F-16F7-4668-BE54-9A1E7A4F7556}") = "Ex06.Supermarket", "Ex06.Supermarket\Ex06.Supermarket.csproj", "{D2CB5AFC-DC78-4B19-935C-6705B4372ACD}"
EndProject
Project("{9A19103F-16F7-4668-BE54-9A1E7A4F7556}") = "Ex07.HotPotato", "Ex07.HotPotato\Ex07.HotPotato.csproj", "{3A49CC36-15CB-4969-B30D-182D5547B70D}"
EndProject
Project("{FAE04EC0-301F-11D3-BF4B-00C04F79EFBC}") = "Ex08.TrafficJam", "Ex08.TrafficJam\Ex08.TrafficJam.csproj", "{C846C2F7-6658-4C7F-B11E-2CD387FBD286}"
EndProject
Global
	GlobalSection(SolutionConfigurationPlatforms) = preSolution
		Debug|Any CPU = Debug|Any CPU
		Release|Any CPU = Release|Any CPU
	EndGlobalSection
	GlobalSection(ProjectConfigurationPlatforms) = postSolution
		{35256A7C-90B9-4858-ADD0-9C718BD44A2D}.Debug|Any CPU.ActiveCfg = Debug|Any CPU
		{35256A7C-90B9-4858-ADD0-9C718BD44A2D}.Debug|Any CPU.Build.0 = Debug|Any CPU
		{35256A7C-90B9-4858-ADD0-9C718BD44A2D}.Release|Any CPU.ActiveCfg = Release|Any CPU
		{35256A7C-90B9-4858-ADD0-9C718BD44A2D}.Release|Any CPU.Build.0 = Release|Any CPU
		{3556A064-65DF-4B12-A17F-B9AADBF34C97}.Debug|Any CPU.ActiveCfg = Debug|Any CPU
		{3556A064-65DF-4B12-A17F-B9AADBF34C97}.Debug|Any CPU.Build.0 = Debug|Any CPU
		{3556A064-65DF-4B12-A17F-B9AADBF34C97}.Release|Any CPU.ActiveCfg = Release|Any CPU
		{3556A064-65DF-4B12-A17F-B9AADBF34C97}.Release|Any CPU.Build.0 = Release|Any CPU
		{69763DD4-4158-4989-B0DF-1BA798AB851A}.Debug|Any CPU.ActiveCfg = Debug|Any CPU
		{69763DD4-4158-4989-B0DF-1BA798AB851A}.Debug|Any CPU.Build.0 = Debug|Any CPU
		{69763DD4-4158-4989-B0DF-1BA798AB851A}.Release|Any CPU.ActiveCfg = Release|Any CPU
		{69763DD4-4158-4989-B0DF-1BA798AB851A}.Release|Any CPU.Build.0 = Release|Any CPU
		{D55CE588-278A-4A7F-BC2B-761C9D0ADBA7}.Debug|Any CPU.ActiveCfg = Debug|Any CPU
		{D55CE588-278A-4A7F-BC2B-761C9D0ADBA7}.Debug|Any CPU.Build.0 = Debug|Any CPU
		{D55CE588-278A-4A7F-BC2B-761C9D0ADBA7}.Release|Any CPU.ActiveCfg = Release|Any CPU
		{D55CE588-278A-4A7F-BC2B-761C9D0ADBA7}.Release|Any CPU.Build.0 = Release|Any CPU
		{3C6A1D39-76FB-488E-949E-51C825C648B1}.Debug|Any CPU.ActiveCfg = Debug|Any CPU
		{3C6A1D39-76FB-488E-949E-51C825C648B1}.Debug|Any CPU.Build.0 = Debug|Any CPU
		{3C6A1D39-76FB-488E-949E-51C825C648B1}.Release|Any CPU.ActiveCfg = Release|Any CPU
		{3C6A1D39-76FB-488E-949E-51C825C648B1}.Release|Any CPU.Build.0 = Release|Any CPU
		{D2CB5AFC-DC78-4B19-935C-6705B4372ACD}.Debug|Any CPU.ActiveCfg = Debug|Any CPU
		{D2CB5AFC-DC78-4B19-935C-6705B4372ACD}.Debug|Any CPU.Build.0 = Debug|Any CPU
		{D2CB5AFC-DC78-4B19-935C-6705B4372ACD}.Release|Any CPU.ActiveCfg = Release|Any CPU
		{D2CB5AFC-DC78-4B19-935C-6705B4372ACD}.Release|Any CPU.Build.0 = Release|Any CPU
		{3A49CC36-15CB-4969-B30D-182D5547B70D}.Debug|Any CPU.ActiveCfg = Debug|Any CPU
		{3A49CC36-15CB-4969-B30D-182D5547B70D}.Debug|Any CPU.Build.0 = Debug|Any CPU
		{3A49CC36-15CB-4969-B30D-182D5547B70D}.Release|Any CPU.ActiveCfg = Release|Any CPU
		{3A49CC36-15CB-4969-B30D-182D5547B70D}.Release|Any CPU.Build.0 = Release|Any CPU
		{C846C2F7-6658-4C7F-B11E-2CD387FBD286}.Debug|Any CPU.ActiveCfg = Debug|Any CPU
		{C846C2F7-6658-4C7F-B11E-2CD387FBD286}.Debug|Any CPU.Build.0 = Debug|Any CPU
		{C846C2F7-6658-4C7F-B11E-2CD387FBD286}.Release|Any CPU.ActiveCfg = Release|Any CPU
		{C846C2F7-6658-4C7F-B11E-2CD387FBD286}.Release|Any CPU.Build.0 = Release|Any CPU
	EndGlobalSection
	GlobalSection(SolutionProperties) = preSolution
		HideSolutionNode = FALSE
	EndGlobalSection
	GlobalSection(ExtensibilityGlobals) = postSolution
		SolutionGuid = {6293B742-E0A5-45E1-B12B-B951D1363EDD}
	EndGlobalSection
EndGlobal
