
Microsoft Visual Studio Solution File, Format Version 12.00
# Visual Studio Version 17
VisualStudioVersion = 17.3.32819.101
MinimumVisualStudioVersion = 10.0.40219.1
Project("{FAE04EC0-301F-11D3-BF4B-00C04F79EFBC}") = "CreateCustomDataStructures", "CreateCustomDataStructures\CreateCustomDataStructures.csproj", "{B1C235F0-B189-499A-8AB9-1B4DB971A2CC}"
EndProject
Global
	GlobalSection(SolutionConfigurationPlatforms) = preSolution
		Debug|Any CPU = Debug|Any CPU
		Release|Any CPU = Release|Any CPU
	EndGlobalSection
	GlobalSection(ProjectConfigurationPlatforms) = postSolution
		{B1C235F0-B189-499A-8AB9-1B4DB971A2CC}.Debug|Any CPU.ActiveCfg = Debug|Any CPU
		{B1C235F0-B189-499A-8AB9-1B4DB971A2CC}.Debug|Any CPU.Build.0 = Debug|Any CPU
		{B1C235F0-B189-499A-8AB9-1B4DB971A2CC}.Release|Any CPU.ActiveCfg = Release|Any CPU
		{B1C235F0-B189-499A-8AB9-1B4DB971A2CC}.Release|Any CPU.Build.0 = Release|Any CPU
	EndGlobalSection
	GlobalSection(SolutionProperties) = preSolution
		HideSolutionNode = FALSE
	EndGlobalSection
	GlobalSection(ExtensibilityGlobals) = postSolution
		SolutionGuid = {3D21ED5C-68B8-4D64-B7E1-1427D28A4459}
	EndGlobalSection
EndGlobal
