
Microsoft Visual Studio Solution File, Format Version 12.00
# Visual Studio Version 17
VisualStudioVersion = 17.2.32630.192
MinimumVisualStudioVersion = 10.0.40219.1
Project("{FAE04EC0-301F-11D3-BF4B-00C04F79EFBC}") = "Ex01.BasicStackOperations", "Ex01.BasicStackOperations\Ex01.BasicStackOperations.csproj", "{B2586167-5EDD-4A28-950F-3A047DFAE679}"
EndProject
Project("{FAE04EC0-301F-11D3-BF4B-00C04F79EFBC}") = "Ex02.BasicQueueOperations", "Ex02.BasicQueueOperations\Ex02.BasicQueueOperations.csproj", "{03088DB1-6F59-4231-B081-84C90A4522CF}"
EndProject
Project("{FAE04EC0-301F-11D3-BF4B-00C04F79EFBC}") = "Ex03.MaximumAndMinimumElement", "Ex03.MaximumAndMinimumElement\Ex03.MaximumAndMinimumElement.csproj", "{FB9E1A20-E28E-4767-9CDA-F5BE004D748D}"
EndProject
Global
	GlobalSection(SolutionConfigurationPlatforms) = preSolution
		Debug|Any CPU = Debug|Any CPU
		Release|Any CPU = Release|Any CPU
	EndGlobalSection
	GlobalSection(ProjectConfigurationPlatforms) = postSolution
		{B2586167-5EDD-4A28-950F-3A047DFAE679}.Debug|Any CPU.ActiveCfg = Debug|Any CPU
		{B2586167-5EDD-4A28-950F-3A047DFAE679}.Debug|Any CPU.Build.0 = Debug|Any CPU
		{B2586167-5EDD-4A28-950F-3A047DFAE679}.Release|Any CPU.ActiveCfg = Release|Any CPU
		{B2586167-5EDD-4A28-950F-3A047DFAE679}.Release|Any CPU.Build.0 = Release|Any CPU
		{03088DB1-6F59-4231-B081-84C90A4522CF}.Debug|Any CPU.ActiveCfg = Debug|Any CPU
		{03088DB1-6F59-4231-B081-84C90A4522CF}.Debug|Any CPU.Build.0 = Debug|Any CPU
		{03088DB1-6F59-4231-B081-84C90A4522CF}.Release|Any CPU.ActiveCfg = Release|Any CPU
		{03088DB1-6F59-4231-B081-84C90A4522CF}.Release|Any CPU.Build.0 = Release|Any CPU
		{FB9E1A20-E28E-4767-9CDA-F5BE004D748D}.Debug|Any CPU.ActiveCfg = Debug|Any CPU
		{FB9E1A20-E28E-4767-9CDA-F5BE004D748D}.Debug|Any CPU.Build.0 = Debug|Any CPU
		{FB9E1A20-E28E-4767-9CDA-F5BE004D748D}.Release|Any CPU.ActiveCfg = Release|Any CPU
		{FB9E1A20-E28E-4767-9CDA-F5BE004D748D}.Release|Any CPU.Build.0 = Release|Any CPU
	EndGlobalSection
	GlobalSection(SolutionProperties) = preSolution
		HideSolutionNode = FALSE
	EndGlobalSection
	GlobalSection(ExtensibilityGlobals) = postSolution
		SolutionGuid = {29E12774-99F1-4DFE-8259-955CB1A8B1DE}
	EndGlobalSection
EndGlobal
