
Microsoft Visual Studio Solution File, Format Version 12.00
# Visual Studio Version 17
VisualStudioVersion = 17.2.32630.192
MinimumVisualStudioVersion = 10.0.40219.1
Project("{FAE04EC0-301F-11D3-BF4B-00C04F79EFBC}") = "Ex01.DefineAClassPerson", "Ex01.DefineAClassPerson\Ex01.DefineAClassPerson.csproj", "{EB92EBFD-35FD-4B6E-9E20-CE7C2F7059CF}"
EndProject
Project("{FAE04EC0-301F-11D3-BF4B-00C04F79EFBC}") = "Ex02.CreatingConstructors", "Ex02.CreatingConstructors\Ex02.CreatingConstructors.csproj", "{77A50B80-EEA5-4F16-9B53-FE4F544A2160}"
EndProject
Project("{FAE04EC0-301F-11D3-BF4B-00C04F79EFBC}") = "Ex03.OldestFamilyMember", "Ex03.OldestFamilyMember\Ex03.OldestFamilyMember.csproj", "{1432FB77-D622-4D90-9902-8FD313A2B591}"
EndProject
Project("{FAE04EC0-301F-11D3-BF4B-00C04F79EFBC}") = "Ex04.OpinionPoll", "Ex04.OpinionPoll\Ex04.OpinionPoll.csproj", "{D1E39308-9D09-4FCF-A2E2-519CBA8F253D}"
EndProject
Project("{FAE04EC0-301F-11D3-BF4B-00C04F79EFBC}") = "Ex05.DateModifier", "Ex05.DateModifier\Ex05.DateModifier.csproj", "{C402D810-6B45-4623-AC4E-81BDA6BD2933}"
EndProject
Project("{FAE04EC0-301F-11D3-BF4B-00C04F79EFBC}") = "Ex06.SpeedRacing", "Ex06.SpeedRacing\Ex06.SpeedRacing.csproj", "{CF8B76CA-5134-4B42-B5EF-7EC9BA14CF26}"
EndProject
Project("{FAE04EC0-301F-11D3-BF4B-00C04F79EFBC}") = "Ex07.RawData", "Ex07.RawData\Ex07.RawData.csproj", "{547A90C0-6ED4-4531-9181-B4819F24D886}"
EndProject
Global
	GlobalSection(SolutionConfigurationPlatforms) = preSolution
		Debug|Any CPU = Debug|Any CPU
		Release|Any CPU = Release|Any CPU
	EndGlobalSection
	GlobalSection(ProjectConfigurationPlatforms) = postSolution
		{EB92EBFD-35FD-4B6E-9E20-CE7C2F7059CF}.Debug|Any CPU.ActiveCfg = Debug|Any CPU
		{EB92EBFD-35FD-4B6E-9E20-CE7C2F7059CF}.Debug|Any CPU.Build.0 = Debug|Any CPU
		{EB92EBFD-35FD-4B6E-9E20-CE7C2F7059CF}.Release|Any CPU.ActiveCfg = Release|Any CPU
		{EB92EBFD-35FD-4B6E-9E20-CE7C2F7059CF}.Release|Any CPU.Build.0 = Release|Any CPU
		{77A50B80-EEA5-4F16-9B53-FE4F544A2160}.Debug|Any CPU.ActiveCfg = Debug|Any CPU
		{77A50B80-EEA5-4F16-9B53-FE4F544A2160}.Debug|Any CPU.Build.0 = Debug|Any CPU
		{77A50B80-EEA5-4F16-9B53-FE4F544A2160}.Release|Any CPU.ActiveCfg = Release|Any CPU
		{77A50B80-EEA5-4F16-9B53-FE4F544A2160}.Release|Any CPU.Build.0 = Release|Any CPU
		{1432FB77-D622-4D90-9902-8FD313A2B591}.Debug|Any CPU.ActiveCfg = Debug|Any CPU
		{1432FB77-D622-4D90-9902-8FD313A2B591}.Debug|Any CPU.Build.0 = Debug|Any CPU
		{1432FB77-D622-4D90-9902-8FD313A2B591}.Release|Any CPU.ActiveCfg = Release|Any CPU
		{1432FB77-D622-4D90-9902-8FD313A2B591}.Release|Any CPU.Build.0 = Release|Any CPU
		{D1E39308-9D09-4FCF-A2E2-519CBA8F253D}.Debug|Any CPU.ActiveCfg = Debug|Any CPU
		{D1E39308-9D09-4FCF-A2E2-519CBA8F253D}.Debug|Any CPU.Build.0 = Debug|Any CPU
		{D1E39308-9D09-4FCF-A2E2-519CBA8F253D}.Release|Any CPU.ActiveCfg = Release|Any CPU
		{D1E39308-9D09-4FCF-A2E2-519CBA8F253D}.Release|Any CPU.Build.0 = Release|Any CPU
		{C402D810-6B45-4623-AC4E-81BDA6BD2933}.Debug|Any CPU.ActiveCfg = Debug|Any CPU
		{C402D810-6B45-4623-AC4E-81BDA6BD2933}.Debug|Any CPU.Build.0 = Debug|Any CPU
		{C402D810-6B45-4623-AC4E-81BDA6BD2933}.Release|Any CPU.ActiveCfg = Release|Any CPU
		{C402D810-6B45-4623-AC4E-81BDA6BD2933}.Release|Any CPU.Build.0 = Release|Any CPU
		{CF8B76CA-5134-4B42-B5EF-7EC9BA14CF26}.Debug|Any CPU.ActiveCfg = Debug|Any CPU
		{CF8B76CA-5134-4B42-B5EF-7EC9BA14CF26}.Debug|Any CPU.Build.0 = Debug|Any CPU
		{CF8B76CA-5134-4B42-B5EF-7EC9BA14CF26}.Release|Any CPU.ActiveCfg = Release|Any CPU
		{CF8B76CA-5134-4B42-B5EF-7EC9BA14CF26}.Release|Any CPU.Build.0 = Release|Any CPU
		{547A90C0-6ED4-4531-9181-B4819F24D886}.Debug|Any CPU.ActiveCfg = Debug|Any CPU
		{547A90C0-6ED4-4531-9181-B4819F24D886}.Debug|Any CPU.Build.0 = Debug|Any CPU
		{547A90C0-6ED4-4531-9181-B4819F24D886}.Release|Any CPU.ActiveCfg = Release|Any CPU
		{547A90C0-6ED4-4531-9181-B4819F24D886}.Release|Any CPU.Build.0 = Release|Any CPU
	EndGlobalSection
	GlobalSection(SolutionProperties) = preSolution
		HideSolutionNode = FALSE
	EndGlobalSection
	GlobalSection(ExtensibilityGlobals) = postSolution
		SolutionGuid = {8D780E5F-51F2-48D1-81FF-592705B4BBFA}
	EndGlobalSection
EndGlobal
