
Microsoft Visual Studio Solution File, Format Version 12.00
# Visual Studio Version 17
VisualStudioVersion = 17.2.32630.192
MinimumVisualStudioVersion = 10.0.40219.1
Project("{FAE04EC0-301F-11D3-BF4B-00C04F79EFBC}") = "Ex01.DefineAClassPerson", "Ex01.DefineAClassPerson\Ex01.DefineAClassPerson.csproj", "{EB92EBFD-35FD-4B6E-9E20-CE7C2F7059CF}"
EndProject
Project("{FAE04EC0-301F-11D3-BF4B-00C04F79EFBC}") = "Ex02.CreatingConstructors", "Ex02.CreatingConstructors\Ex02.CreatingConstructors.csproj", "{77A50B80-EEA5-4F16-9B53-FE4F544A2160}"
EndProject
Project("{FAE04EC0-301F-11D3-BF4B-00C04F79EFBC}") = "Ex03.OldestFamilyMember", "Ex03.OldestFamilyMember\Ex03.OldestFamilyMember.csproj", "{1432FB77-D622-4D90-9902-8FD313A2B591}"
EndProject
Global
	GlobalSection(SolutionConfigurationPlatforms) = preSolution
		Debug|Any CPU = Debug|Any CPU
		Release|Any CPU = Release|Any CPU
	EndGlobalSection
	GlobalSection(ProjectConfigurationPlatforms) = postSolution
		{EB92EBFD-35FD-4B6E-9E20-CE7C2F7059CF}.Debug|Any CPU.ActiveCfg = Debug|Any CPU
		{EB92EBFD-35FD-4B6E-9E20-CE7C2F7059CF}.Debug|Any CPU.Build.0 = Debug|Any CPU
		{EB92EBFD-35FD-4B6E-9E20-CE7C2F7059CF}.Release|Any CPU.ActiveCfg = Release|Any CPU
		{EB92EBFD-35FD-4B6E-9E20-CE7C2F7059CF}.Release|Any CPU.Build.0 = Release|Any CPU
		{77A50B80-EEA5-4F16-9B53-FE4F544A2160}.Debug|Any CPU.ActiveCfg = Debug|Any CPU
		{77A50B80-EEA5-4F16-9B53-FE4F544A2160}.Debug|Any CPU.Build.0 = Debug|Any CPU
		{77A50B80-EEA5-4F16-9B53-FE4F544A2160}.Release|Any CPU.ActiveCfg = Release|Any CPU
		{77A50B80-EEA5-4F16-9B53-FE4F544A2160}.Release|Any CPU.Build.0 = Release|Any CPU
		{1432FB77-D622-4D90-9902-8FD313A2B591}.Debug|Any CPU.ActiveCfg = Debug|Any CPU
		{1432FB77-D622-4D90-9902-8FD313A2B591}.Debug|Any CPU.Build.0 = Debug|Any CPU
		{1432FB77-D622-4D90-9902-8FD313A2B591}.Release|Any CPU.ActiveCfg = Release|Any CPU
		{1432FB77-D622-4D90-9902-8FD313A2B591}.Release|Any CPU.Build.0 = Release|Any CPU
	EndGlobalSection
	GlobalSection(SolutionProperties) = preSolution
		HideSolutionNode = FALSE
	EndGlobalSection
	GlobalSection(ExtensibilityGlobals) = postSolution
		SolutionGuid = {8D780E5F-51F2-48D1-81FF-592705B4BBFA}
	EndGlobalSection
EndGlobal
