
Microsoft Visual Studio Solution File, Format Version 12.00
# Visual Studio Version 17
VisualStudioVersion = 17.4.33103.184
MinimumVisualStudioVersion = 10.0.40219.1
Project("{FAE04EC0-301F-11D3-BF4B-00C04F79EFBC}") = "Ex01.BinomialCoefficients", "Ex01.BinomialCoefficients\Ex01.BinomialCoefficients.csproj", "{B86DCF76-80B7-4434-8E0D-D75749C53E8D}"
EndProject
Project("{FAE04EC0-301F-11D3-BF4B-00C04F79EFBC}") = "Ex02.LongestZigzagSubsequence", "Ex02.LongestZigzagSubsequence\Ex02.LongestZigzagSubsequence.csproj", "{E5438AAA-4103-433E-940D-B752D2655785}"
EndProject
Project("{FAE04EC0-301F-11D3-BF4B-00C04F79EFBC}") = "Ex03.DividingPresents", "Ex03.DividingPresents\Ex03.DividingPresents.csproj", "{2E8221E7-5E5E-4A53-9302-6BE268D6888C}"
EndProject
Global
	GlobalSection(SolutionConfigurationPlatforms) = preSolution
		Debug|Any CPU = Debug|Any CPU
		Release|Any CPU = Release|Any CPU
	EndGlobalSection
	GlobalSection(ProjectConfigurationPlatforms) = postSolution
		{B86DCF76-80B7-4434-8E0D-D75749C53E8D}.Debug|Any CPU.ActiveCfg = Debug|Any CPU
		{B86DCF76-80B7-4434-8E0D-D75749C53E8D}.Debug|Any CPU.Build.0 = Debug|Any CPU
		{B86DCF76-80B7-4434-8E0D-D75749C53E8D}.Release|Any CPU.ActiveCfg = Release|Any CPU
		{B86DCF76-80B7-4434-8E0D-D75749C53E8D}.Release|Any CPU.Build.0 = Release|Any CPU
		{E5438AAA-4103-433E-940D-B752D2655785}.Debug|Any CPU.ActiveCfg = Debug|Any CPU
		{E5438AAA-4103-433E-940D-B752D2655785}.Debug|Any CPU.Build.0 = Debug|Any CPU
		{E5438AAA-4103-433E-940D-B752D2655785}.Release|Any CPU.ActiveCfg = Release|Any CPU
		{E5438AAA-4103-433E-940D-B752D2655785}.Release|Any CPU.Build.0 = Release|Any CPU
		{2E8221E7-5E5E-4A53-9302-6BE268D6888C}.Debug|Any CPU.ActiveCfg = Debug|Any CPU
		{2E8221E7-5E5E-4A53-9302-6BE268D6888C}.Debug|Any CPU.Build.0 = Debug|Any CPU
		{2E8221E7-5E5E-4A53-9302-6BE268D6888C}.Release|Any CPU.ActiveCfg = Release|Any CPU
		{2E8221E7-5E5E-4A53-9302-6BE268D6888C}.Release|Any CPU.Build.0 = Release|Any CPU
	EndGlobalSection
	GlobalSection(SolutionProperties) = preSolution
		HideSolutionNode = FALSE
	EndGlobalSection
	GlobalSection(ExtensibilityGlobals) = postSolution
		SolutionGuid = {056B034A-5CBE-442C-9984-FDD6D2AF3746}
	EndGlobalSection
EndGlobal
