
Microsoft Visual Studio Solution File, Format Version 12.00
# Visual Studio Version 17
VisualStudioVersion = 17.2.32630.192
MinimumVisualStudioVersion = 10.0.40219.1
Project("{FAE04EC0-301F-11D3-BF4B-00C04F79EFBC}") = "Ex01.Car", "Ex01.Car\Ex01.Car.csproj", "{E0D77C39-7B20-463D-9C82-F6500F4F0887}"
EndProject
Project("{FAE04EC0-301F-11D3-BF4B-00C04F79EFBC}") = "Ex02.CarExtension", "Ex02.CarExtension\Ex02.CarExtension.csproj", "{15236056-7979-4E32-90D0-E41E143A3560}"
EndProject
Project("{FAE04EC0-301F-11D3-BF4B-00C04F79EFBC}") = "Ex03.CarConstructors", "Ex03.CarConstructors\Ex03.CarConstructors.csproj", "{C156755A-5B63-406D-97C1-BAF4BE74F1F6}"
EndProject
Project("{FAE04EC0-301F-11D3-BF4B-00C04F79EFBC}") = "Ex04.CarEngineAndTires", "Ex04.CarEngineAndTires\Ex04.CarEngineAndTires.csproj", "{F8CBA48B-8784-471F-B958-868104328749}"
EndProject
Project("{FAE04EC0-301F-11D3-BF4B-00C04F79EFBC}") = "Ex05.SpecialCars", "Ex05.SpecialCars\Ex05.SpecialCars.csproj", "{C6CA80FA-E180-4643-9F4B-A17ACCADC15E}"
EndProject
Global
	GlobalSection(SolutionConfigurationPlatforms) = preSolution
		Debug|Any CPU = Debug|Any CPU
		Release|Any CPU = Release|Any CPU
	EndGlobalSection
	GlobalSection(ProjectConfigurationPlatforms) = postSolution
		{E0D77C39-7B20-463D-9C82-F6500F4F0887}.Debug|Any CPU.ActiveCfg = Debug|Any CPU
		{E0D77C39-7B20-463D-9C82-F6500F4F0887}.Debug|Any CPU.Build.0 = Debug|Any CPU
		{E0D77C39-7B20-463D-9C82-F6500F4F0887}.Release|Any CPU.ActiveCfg = Release|Any CPU
		{E0D77C39-7B20-463D-9C82-F6500F4F0887}.Release|Any CPU.Build.0 = Release|Any CPU
		{15236056-7979-4E32-90D0-E41E143A3560}.Debug|Any CPU.ActiveCfg = Debug|Any CPU
		{15236056-7979-4E32-90D0-E41E143A3560}.Debug|Any CPU.Build.0 = Debug|Any CPU
		{15236056-7979-4E32-90D0-E41E143A3560}.Release|Any CPU.ActiveCfg = Release|Any CPU
		{15236056-7979-4E32-90D0-E41E143A3560}.Release|Any CPU.Build.0 = Release|Any CPU
		{C156755A-5B63-406D-97C1-BAF4BE74F1F6}.Debug|Any CPU.ActiveCfg = Debug|Any CPU
		{C156755A-5B63-406D-97C1-BAF4BE74F1F6}.Debug|Any CPU.Build.0 = Debug|Any CPU
		{C156755A-5B63-406D-97C1-BAF4BE74F1F6}.Release|Any CPU.ActiveCfg = Release|Any CPU
		{C156755A-5B63-406D-97C1-BAF4BE74F1F6}.Release|Any CPU.Build.0 = Release|Any CPU
		{F8CBA48B-8784-471F-B958-868104328749}.Debug|Any CPU.ActiveCfg = Debug|Any CPU
		{F8CBA48B-8784-471F-B958-868104328749}.Debug|Any CPU.Build.0 = Debug|Any CPU
		{F8CBA48B-8784-471F-B958-868104328749}.Release|Any CPU.ActiveCfg = Release|Any CPU
		{F8CBA48B-8784-471F-B958-868104328749}.Release|Any CPU.Build.0 = Release|Any CPU
		{C6CA80FA-E180-4643-9F4B-A17ACCADC15E}.Debug|Any CPU.ActiveCfg = Debug|Any CPU
		{C6CA80FA-E180-4643-9F4B-A17ACCADC15E}.Debug|Any CPU.Build.0 = Debug|Any CPU
		{C6CA80FA-E180-4643-9F4B-A17ACCADC15E}.Release|Any CPU.ActiveCfg = Release|Any CPU
		{C6CA80FA-E180-4643-9F4B-A17ACCADC15E}.Release|Any CPU.Build.0 = Release|Any CPU
	EndGlobalSection
	GlobalSection(SolutionProperties) = preSolution
		HideSolutionNode = FALSE
	EndGlobalSection
	GlobalSection(ExtensibilityGlobals) = postSolution
		SolutionGuid = {2518546F-44E3-48A7-A7FC-DAD17F0B9354}
	EndGlobalSection
EndGlobal
