
Microsoft Visual Studio Solution File, Format Version 12.00
# Visual Studio Version 17
VisualStudioVersion = 17.3.32819.101
MinimumVisualStudioVersion = 10.0.40219.1
Project("{FAE04EC0-301F-11D3-BF4B-00C04F79EFBC}") = "Ex01.Library", "Ex01.Library\Ex01.Library.csproj", "{4076E09D-A27F-449C-B448-F9B17148181F}"
EndProject
Project("{FAE04EC0-301F-11D3-BF4B-00C04F79EFBC}") = "Ex02.LibraryIterator", "Ex2.LibraryIterator\Ex02.LibraryIterator.csproj", "{F97F4C89-E439-4AA9-B2A6-7D871CF6D8D9}"
EndProject
Project("{FAE04EC0-301F-11D3-BF4B-00C04F79EFBC}") = "Ex03.ComparableBook", "Ex03.ComparableBook\Ex03.ComparableBook.csproj", "{EA43E5B4-CFBA-4875-B5BE-525206F04560}"
EndProject
Global
	GlobalSection(SolutionConfigurationPlatforms) = preSolution
		Debug|Any CPU = Debug|Any CPU
		Release|Any CPU = Release|Any CPU
	EndGlobalSection
	GlobalSection(ProjectConfigurationPlatforms) = postSolution
		{4076E09D-A27F-449C-B448-F9B17148181F}.Debug|Any CPU.ActiveCfg = Debug|Any CPU
		{4076E09D-A27F-449C-B448-F9B17148181F}.Debug|Any CPU.Build.0 = Debug|Any CPU
		{4076E09D-A27F-449C-B448-F9B17148181F}.Release|Any CPU.ActiveCfg = Release|Any CPU
		{4076E09D-A27F-449C-B448-F9B17148181F}.Release|Any CPU.Build.0 = Release|Any CPU
		{F97F4C89-E439-4AA9-B2A6-7D871CF6D8D9}.Debug|Any CPU.ActiveCfg = Debug|Any CPU
		{F97F4C89-E439-4AA9-B2A6-7D871CF6D8D9}.Debug|Any CPU.Build.0 = Debug|Any CPU
		{F97F4C89-E439-4AA9-B2A6-7D871CF6D8D9}.Release|Any CPU.ActiveCfg = Release|Any CPU
		{F97F4C89-E439-4AA9-B2A6-7D871CF6D8D9}.Release|Any CPU.Build.0 = Release|Any CPU
		{EA43E5B4-CFBA-4875-B5BE-525206F04560}.Debug|Any CPU.ActiveCfg = Debug|Any CPU
		{EA43E5B4-CFBA-4875-B5BE-525206F04560}.Debug|Any CPU.Build.0 = Debug|Any CPU
		{EA43E5B4-CFBA-4875-B5BE-525206F04560}.Release|Any CPU.ActiveCfg = Release|Any CPU
		{EA43E5B4-CFBA-4875-B5BE-525206F04560}.Release|Any CPU.Build.0 = Release|Any CPU
	EndGlobalSection
	GlobalSection(SolutionProperties) = preSolution
		HideSolutionNode = FALSE
	EndGlobalSection
	GlobalSection(ExtensibilityGlobals) = postSolution
		SolutionGuid = {FF856B62-01FC-4F55-A2D7-99F3B089B380}
	EndGlobalSection
EndGlobal
