
Microsoft Visual Studio Solution File, Format Version 12.00
# Visual Studio Version 17
VisualStudioVersion = 17.1.32328.378
MinimumVisualStudioVersion = 10.0.40219.1
Project("{9A19103F-16F7-4668-BE54-9A1E7A4F7556}") = "Ex02.MatchPhoneNumber", "Ex02.MatchPhoneNumber\Ex02.MatchPhoneNumber.csproj", "{354FF1FD-A2AC-4727-9E38-7CC00F5A633C}"
EndProject
Project("{9A19103F-16F7-4668-BE54-9A1E7A4F7556}") = "Ex01.MatchFullName", "Ex01.MatchFullName\Ex01.MatchFullName.csproj", "{850BDB84-884B-4B89-A1EA-B0488E0E7471}"
EndProject
Project("{9A19103F-16F7-4668-BE54-9A1E7A4F7556}") = "Ex03.MatchDates", "Ex03.MatchDates\Ex03.MatchDates.csproj", "{FEE5FB2D-6D7F-4366-9C34-86280AD2D1A9}"
EndProject
Project("{9A19103F-16F7-4668-BE54-9A1E7A4F7556}") = "Ex04.StarEnigma", "Ex04.StarEnigma\Ex04.StarEnigma.csproj", "{D8E27739-D367-45B7-99AB-2D8126AE9FDD}"
EndProject
Global
	GlobalSection(SolutionConfigurationPlatforms) = preSolution
		Debug|Any CPU = Debug|Any CPU
		Release|Any CPU = Release|Any CPU
	EndGlobalSection
	GlobalSection(ProjectConfigurationPlatforms) = postSolution
		{354FF1FD-A2AC-4727-9E38-7CC00F5A633C}.Debug|Any CPU.ActiveCfg = Debug|Any CPU
		{354FF1FD-A2AC-4727-9E38-7CC00F5A633C}.Debug|Any CPU.Build.0 = Debug|Any CPU
		{354FF1FD-A2AC-4727-9E38-7CC00F5A633C}.Release|Any CPU.ActiveCfg = Release|Any CPU
		{354FF1FD-A2AC-4727-9E38-7CC00F5A633C}.Release|Any CPU.Build.0 = Release|Any CPU
		{850BDB84-884B-4B89-A1EA-B0488E0E7471}.Debug|Any CPU.ActiveCfg = Debug|Any CPU
		{850BDB84-884B-4B89-A1EA-B0488E0E7471}.Debug|Any CPU.Build.0 = Debug|Any CPU
		{850BDB84-884B-4B89-A1EA-B0488E0E7471}.Release|Any CPU.ActiveCfg = Release|Any CPU
		{850BDB84-884B-4B89-A1EA-B0488E0E7471}.Release|Any CPU.Build.0 = Release|Any CPU
		{FEE5FB2D-6D7F-4366-9C34-86280AD2D1A9}.Debug|Any CPU.ActiveCfg = Debug|Any CPU
		{FEE5FB2D-6D7F-4366-9C34-86280AD2D1A9}.Debug|Any CPU.Build.0 = Debug|Any CPU
		{FEE5FB2D-6D7F-4366-9C34-86280AD2D1A9}.Release|Any CPU.ActiveCfg = Release|Any CPU
		{FEE5FB2D-6D7F-4366-9C34-86280AD2D1A9}.Release|Any CPU.Build.0 = Release|Any CPU
		{D8E27739-D367-45B7-99AB-2D8126AE9FDD}.Debug|Any CPU.ActiveCfg = Debug|Any CPU
		{D8E27739-D367-45B7-99AB-2D8126AE9FDD}.Debug|Any CPU.Build.0 = Debug|Any CPU
		{D8E27739-D367-45B7-99AB-2D8126AE9FDD}.Release|Any CPU.ActiveCfg = Release|Any CPU
		{D8E27739-D367-45B7-99AB-2D8126AE9FDD}.Release|Any CPU.Build.0 = Release|Any CPU
	EndGlobalSection
	GlobalSection(SolutionProperties) = preSolution
		HideSolutionNode = FALSE
	EndGlobalSection
	GlobalSection(ExtensibilityGlobals) = postSolution
		SolutionGuid = {84297E7A-17A4-4239-A0BD-47E5586A929F}
	EndGlobalSection
EndGlobal
