
Microsoft Visual Studio Solution File, Format Version 12.00
# Visual Studio Version 17
VisualStudioVersion = 17.1.32328.378
MinimumVisualStudioVersion = 10.0.40219.1
Project("{FAE04EC0-301F-11D3-BF4B-00C04F79EFBC}") = "ObjectsAndClasses_Exercises", "ObjectsAndClasses_Exercises\ObjectsAndClasses_Exercises.csproj", "{7295D2C8-BDBC-40FB-8811-DB24892D564B}"
EndProject
Project("{FAE04EC0-301F-11D3-BF4B-00C04F79EFBC}") = "1. Advertisement Message", "1. Advertisement Message\1. Advertisement Message.csproj", "{F58DBC87-8795-43D5-8CF1-7E9CB0EE73ED}"
EndProject
Global
	GlobalSection(SolutionConfigurationPlatforms) = preSolution
		Debug|Any CPU = Debug|Any CPU
		Release|Any CPU = Release|Any CPU
	EndGlobalSection
	GlobalSection(ProjectConfigurationPlatforms) = postSolution
		{7295D2C8-BDBC-40FB-8811-DB24892D564B}.Debug|Any CPU.ActiveCfg = Debug|Any CPU
		{7295D2C8-BDBC-40FB-8811-DB24892D564B}.Debug|Any CPU.Build.0 = Debug|Any CPU
		{7295D2C8-BDBC-40FB-8811-DB24892D564B}.Release|Any CPU.ActiveCfg = Release|Any CPU
		{7295D2C8-BDBC-40FB-8811-DB24892D564B}.Release|Any CPU.Build.0 = Release|Any CPU
		{F58DBC87-8795-43D5-8CF1-7E9CB0EE73ED}.Debug|Any CPU.ActiveCfg = Debug|Any CPU
		{F58DBC87-8795-43D5-8CF1-7E9CB0EE73ED}.Debug|Any CPU.Build.0 = Debug|Any CPU
		{F58DBC87-8795-43D5-8CF1-7E9CB0EE73ED}.Release|Any CPU.ActiveCfg = Release|Any CPU
		{F58DBC87-8795-43D5-8CF1-7E9CB0EE73ED}.Release|Any CPU.Build.0 = Release|Any CPU
	EndGlobalSection
	GlobalSection(SolutionProperties) = preSolution
		HideSolutionNode = FALSE
	EndGlobalSection
	GlobalSection(ExtensibilityGlobals) = postSolution
		SolutionGuid = {D8B83A7B-56B5-4DD6-A3FF-66019D6B7CA9}
	EndGlobalSection
EndGlobal
