
Microsoft Visual Studio Solution File, Format Version 12.00
# Visual Studio Version 17
VisualStudioVersion = 17.1.32328.378
MinimumVisualStudioVersion = 10.0.40219.1
Project("{9A19103F-16F7-4668-BE54-9A1E7A4F7556}") = "Methods", "Methods\Methods.csproj", "{DD073414-A413-4DCC-B7D5-D80DB294CD5E}"
EndProject
Project("{9A19103F-16F7-4668-BE54-9A1E7A4F7556}") = "1. Smallest of Three Numbers", "1. Smallest of Three Numbers\1. Smallest of Three Numbers.csproj", "{81F8C6C0-E69E-444F-9396-6DD901EE52D3}"
EndProject
Project("{9A19103F-16F7-4668-BE54-9A1E7A4F7556}") = "2. Vowels Count", "2. Vowels Count\2. Vowels Count.csproj", "{3B60F0EA-C87D-4993-92C2-DBD83A700A10}"
EndProject
Project("{9A19103F-16F7-4668-BE54-9A1E7A4F7556}") = "3. Characters in Range", "3. Characters in Range\3. Characters in Range.csproj", "{39902D71-1D05-44F7-B76F-4AE7B007E388}"
EndProject
Project("{9A19103F-16F7-4668-BE54-9A1E7A4F7556}") = "4. Password Validator", "4. Password Validator\4. Password Validator.csproj", "{0114E069-0670-44F2-82AE-BE734579E16F}"
EndProject
Project("{9A19103F-16F7-4668-BE54-9A1E7A4F7556}") = "5. Add and Subtract", "5. Add and Subtract\5. Add and Subtract.csproj", "{2DB1C704-7C57-49E4-BF9C-016DCBD8B5AE}"
EndProject
Project("{9A19103F-16F7-4668-BE54-9A1E7A4F7556}") = "6. Middle Characters", "6. Middle Characters\6. Middle Characters.csproj", "{1F750F7C-489D-40EA-993A-BA544DE60156}"
EndProject
Project("{9A19103F-16F7-4668-BE54-9A1E7A4F7556}") = "7. NxN Matrix", "7. NxN Matrix\7. NxN Matrix.csproj", "{CC970D4D-6C79-4706-AF21-D35359BB82E5}"
EndProject
Project("{9A19103F-16F7-4668-BE54-9A1E7A4F7556}") = "8. Factorial Division", "8. Factorial Division\8. Factorial Division.csproj", "{3B980A94-C9A2-41E8-B437-EB4EF56DC0CE}"
EndProject
Project("{9A19103F-16F7-4668-BE54-9A1E7A4F7556}") = "9. Palindrome Integers", "9. Palindrome Integers\9. Palindrome Integers.csproj", "{97DFE09D-113B-4E92-842A-9697EEE2EC1B}"
EndProject
Project("{9A19103F-16F7-4668-BE54-9A1E7A4F7556}") = "10. Top Number", "10. Top Number\10. Top Number.csproj", "{A5CB5961-C175-4866-A9B8-020C045F5FB9}"
EndProject
Project("{FAE04EC0-301F-11D3-BF4B-00C04F79EFBC}") = "11. Array Manipulator", "11. Array Manipulator\11. Array Manipulator.csproj", "{8C542BEB-A9A4-40EC-B047-6560F3ECBD99}"
EndProject
Global
	GlobalSection(SolutionConfigurationPlatforms) = preSolution
		Debug|Any CPU = Debug|Any CPU
		Release|Any CPU = Release|Any CPU
	EndGlobalSection
	GlobalSection(ProjectConfigurationPlatforms) = postSolution
		{DD073414-A413-4DCC-B7D5-D80DB294CD5E}.Debug|Any CPU.ActiveCfg = Debug|Any CPU
		{DD073414-A413-4DCC-B7D5-D80DB294CD5E}.Debug|Any CPU.Build.0 = Debug|Any CPU
		{DD073414-A413-4DCC-B7D5-D80DB294CD5E}.Release|Any CPU.ActiveCfg = Release|Any CPU
		{DD073414-A413-4DCC-B7D5-D80DB294CD5E}.Release|Any CPU.Build.0 = Release|Any CPU
		{81F8C6C0-E69E-444F-9396-6DD901EE52D3}.Debug|Any CPU.ActiveCfg = Debug|Any CPU
		{81F8C6C0-E69E-444F-9396-6DD901EE52D3}.Debug|Any CPU.Build.0 = Debug|Any CPU
		{81F8C6C0-E69E-444F-9396-6DD901EE52D3}.Release|Any CPU.ActiveCfg = Release|Any CPU
		{81F8C6C0-E69E-444F-9396-6DD901EE52D3}.Release|Any CPU.Build.0 = Release|Any CPU
		{3B60F0EA-C87D-4993-92C2-DBD83A700A10}.Debug|Any CPU.ActiveCfg = Debug|Any CPU
		{3B60F0EA-C87D-4993-92C2-DBD83A700A10}.Debug|Any CPU.Build.0 = Debug|Any CPU
		{3B60F0EA-C87D-4993-92C2-DBD83A700A10}.Release|Any CPU.ActiveCfg = Release|Any CPU
		{3B60F0EA-C87D-4993-92C2-DBD83A700A10}.Release|Any CPU.Build.0 = Release|Any CPU
		{39902D71-1D05-44F7-B76F-4AE7B007E388}.Debug|Any CPU.ActiveCfg = Debug|Any CPU
		{39902D71-1D05-44F7-B76F-4AE7B007E388}.Debug|Any CPU.Build.0 = Debug|Any CPU
		{39902D71-1D05-44F7-B76F-4AE7B007E388}.Release|Any CPU.ActiveCfg = Release|Any CPU
		{39902D71-1D05-44F7-B76F-4AE7B007E388}.Release|Any CPU.Build.0 = Release|Any CPU
		{0114E069-0670-44F2-82AE-BE734579E16F}.Debug|Any CPU.ActiveCfg = Debug|Any CPU
		{0114E069-0670-44F2-82AE-BE734579E16F}.Debug|Any CPU.Build.0 = Debug|Any CPU
		{0114E069-0670-44F2-82AE-BE734579E16F}.Release|Any CPU.ActiveCfg = Release|Any CPU
		{0114E069-0670-44F2-82AE-BE734579E16F}.Release|Any CPU.Build.0 = Release|Any CPU
		{2DB1C704-7C57-49E4-BF9C-016DCBD8B5AE}.Debug|Any CPU.ActiveCfg = Debug|Any CPU
		{2DB1C704-7C57-49E4-BF9C-016DCBD8B5AE}.Debug|Any CPU.Build.0 = Debug|Any CPU
		{2DB1C704-7C57-49E4-BF9C-016DCBD8B5AE}.Release|Any CPU.ActiveCfg = Release|Any CPU
		{2DB1C704-7C57-49E4-BF9C-016DCBD8B5AE}.Release|Any CPU.Build.0 = Release|Any CPU
		{1F750F7C-489D-40EA-993A-BA544DE60156}.Debug|Any CPU.ActiveCfg = Debug|Any CPU
		{1F750F7C-489D-40EA-993A-BA544DE60156}.Debug|Any CPU.Build.0 = Debug|Any CPU
		{1F750F7C-489D-40EA-993A-BA544DE60156}.Release|Any CPU.ActiveCfg = Release|Any CPU
		{1F750F7C-489D-40EA-993A-BA544DE60156}.Release|Any CPU.Build.0 = Release|Any CPU
		{CC970D4D-6C79-4706-AF21-D35359BB82E5}.Debug|Any CPU.ActiveCfg = Debug|Any CPU
		{CC970D4D-6C79-4706-AF21-D35359BB82E5}.Debug|Any CPU.Build.0 = Debug|Any CPU
		{CC970D4D-6C79-4706-AF21-D35359BB82E5}.Release|Any CPU.ActiveCfg = Release|Any CPU
		{CC970D4D-6C79-4706-AF21-D35359BB82E5}.Release|Any CPU.Build.0 = Release|Any CPU
		{3B980A94-C9A2-41E8-B437-EB4EF56DC0CE}.Debug|Any CPU.ActiveCfg = Debug|Any CPU
		{3B980A94-C9A2-41E8-B437-EB4EF56DC0CE}.Debug|Any CPU.Build.0 = Debug|Any CPU
		{3B980A94-C9A2-41E8-B437-EB4EF56DC0CE}.Release|Any CPU.ActiveCfg = Release|Any CPU
		{3B980A94-C9A2-41E8-B437-EB4EF56DC0CE}.Release|Any CPU.Build.0 = Release|Any CPU
		{97DFE09D-113B-4E92-842A-9697EEE2EC1B}.Debug|Any CPU.ActiveCfg = Debug|Any CPU
		{97DFE09D-113B-4E92-842A-9697EEE2EC1B}.Debug|Any CPU.Build.0 = Debug|Any CPU
		{97DFE09D-113B-4E92-842A-9697EEE2EC1B}.Release|Any CPU.ActiveCfg = Release|Any CPU
		{97DFE09D-113B-4E92-842A-9697EEE2EC1B}.Release|Any CPU.Build.0 = Release|Any CPU
		{A5CB5961-C175-4866-A9B8-020C045F5FB9}.Debug|Any CPU.ActiveCfg = Debug|Any CPU
		{A5CB5961-C175-4866-A9B8-020C045F5FB9}.Debug|Any CPU.Build.0 = Debug|Any CPU
		{A5CB5961-C175-4866-A9B8-020C045F5FB9}.Release|Any CPU.ActiveCfg = Release|Any CPU
		{A5CB5961-C175-4866-A9B8-020C045F5FB9}.Release|Any CPU.Build.0 = Release|Any CPU
		{8C542BEB-A9A4-40EC-B047-6560F3ECBD99}.Debug|Any CPU.ActiveCfg = Debug|Any CPU
		{8C542BEB-A9A4-40EC-B047-6560F3ECBD99}.Debug|Any CPU.Build.0 = Debug|Any CPU
		{8C542BEB-A9A4-40EC-B047-6560F3ECBD99}.Release|Any CPU.ActiveCfg = Release|Any CPU
		{8C542BEB-A9A4-40EC-B047-6560F3ECBD99}.Release|Any CPU.Build.0 = Release|Any CPU
	EndGlobalSection
	GlobalSection(SolutionProperties) = preSolution
		HideSolutionNode = FALSE
	EndGlobalSection
	GlobalSection(ExtensibilityGlobals) = postSolution
		SolutionGuid = {7BC708B9-031F-4FB8-A71B-FE5E2B8E6380}
	EndGlobalSection
EndGlobal
