
Microsoft Visual Studio Solution File, Format Version 12.00
# Visual Studio Version 17
VisualStudioVersion = 17.2.32630.192
MinimumVisualStudioVersion = 10.0.40219.1
Project("{FAE04EC0-301F-11D3-BF4B-00C04F79EFBC}") = "Sea Chess", "Sea Chess\Sea Chess.csproj", "{CB88720F-874C-42E0-9D87-412E807B8A02}"
EndProject
Global
	GlobalSection(SolutionConfigurationPlatforms) = preSolution
		Debug|Any CPU = Debug|Any CPU
		Release|Any CPU = Release|Any CPU
	EndGlobalSection
	GlobalSection(ProjectConfigurationPlatforms) = postSolution
		{CB88720F-874C-42E0-9D87-412E807B8A02}.Debug|Any CPU.ActiveCfg = Debug|Any CPU
		{CB88720F-874C-42E0-9D87-412E807B8A02}.Debug|Any CPU.Build.0 = Debug|Any CPU
		{CB88720F-874C-42E0-9D87-412E807B8A02}.Release|Any CPU.ActiveCfg = Release|Any CPU
		{CB88720F-874C-42E0-9D87-412E807B8A02}.Release|Any CPU.Build.0 = Release|Any CPU
	EndGlobalSection
	GlobalSection(SolutionProperties) = preSolution
		HideSolutionNode = FALSE
	EndGlobalSection
	GlobalSection(ExtensibilityGlobals) = postSolution
		SolutionGuid = {CB9F81C0-2B62-474E-A144-D3C8A0C31388}
	EndGlobalSection
EndGlobal
