
Microsoft Visual Studio Solution File, Format Version 12.00
# Visual Studio Version 17
VisualStudioVersion = 17.4.33103.184
MinimumVisualStudioVersion = 10.0.40219.1
Project("{9A19103F-16F7-4668-BE54-9A1E7A4F7556}") = "Ex01.Fibonacci", "Ex01.Fibonacci\Ex01.Fibonacci.csproj", "{F136136C-6134-41A7-BB62-6ED78899D8F5}"
EndProject
Project("{9A19103F-16F7-4668-BE54-9A1E7A4F7556}") = "Ex02.LongestIncreasingSubsequence", "Ex02.LongestIncreasingSubsequence\Ex02.LongestIncreasingSubsequence.csproj", "{F85D600B-F240-4C84-BED3-5C4D1668EBB4}"
EndProject
Project("{9A19103F-16F7-4668-BE54-9A1E7A4F7556}") = "Ex03.MoveDownOrRight", "Ex03.MoveDownOrRight\Ex03.MoveDownOrRight.csproj", "{F83E985D-51A9-47C0-ACE1-EABD5731EA19}"
EndProject
Global
	GlobalSection(SolutionConfigurationPlatforms) = preSolution
		Debug|Any CPU = Debug|Any CPU
		Release|Any CPU = Release|Any CPU
	EndGlobalSection
	GlobalSection(ProjectConfigurationPlatforms) = postSolution
		{F136136C-6134-41A7-BB62-6ED78899D8F5}.Debug|Any CPU.ActiveCfg = Debug|Any CPU
		{F136136C-6134-41A7-BB62-6ED78899D8F5}.Debug|Any CPU.Build.0 = Debug|Any CPU
		{F136136C-6134-41A7-BB62-6ED78899D8F5}.Release|Any CPU.ActiveCfg = Release|Any CPU
		{F136136C-6134-41A7-BB62-6ED78899D8F5}.Release|Any CPU.Build.0 = Release|Any CPU
		{F85D600B-F240-4C84-BED3-5C4D1668EBB4}.Debug|Any CPU.ActiveCfg = Debug|Any CPU
		{F85D600B-F240-4C84-BED3-5C4D1668EBB4}.Debug|Any CPU.Build.0 = Debug|Any CPU
		{F85D600B-F240-4C84-BED3-5C4D1668EBB4}.Release|Any CPU.ActiveCfg = Release|Any CPU
		{F85D600B-F240-4C84-BED3-5C4D1668EBB4}.Release|Any CPU.Build.0 = Release|Any CPU
		{F83E985D-51A9-47C0-ACE1-EABD5731EA19}.Debug|Any CPU.ActiveCfg = Debug|Any CPU
		{F83E985D-51A9-47C0-ACE1-EABD5731EA19}.Debug|Any CPU.Build.0 = Debug|Any CPU
		{F83E985D-51A9-47C0-ACE1-EABD5731EA19}.Release|Any CPU.ActiveCfg = Release|Any CPU
		{F83E985D-51A9-47C0-ACE1-EABD5731EA19}.Release|Any CPU.Build.0 = Release|Any CPU
	EndGlobalSection
	GlobalSection(SolutionProperties) = preSolution
		HideSolutionNode = FALSE
	EndGlobalSection
	GlobalSection(ExtensibilityGlobals) = postSolution
		SolutionGuid = {76223C7E-E5D5-4622-8BA6-DC3C4AC99158}
	EndGlobalSection
EndGlobal
