
Microsoft Visual Studio Solution File, Format Version 12.00
# Visual Studio Version 17
VisualStudioVersion = 17.3.32819.101
MinimumVisualStudioVersion = 10.0.40219.1
Project("{FAE04EC0-301F-11D3-BF4B-00C04F79EFBC}") = "01.Masterchef", "01.Masterchef\01.Masterchef.csproj", "{3CD769AD-B1FE-463A-B37A-223ADF2E8F34}"
EndProject
Project("{FAE04EC0-301F-11D3-BF4B-00C04F79EFBC}") = "02.TheBattleOfTheFiveArmies", "02.TheBattleOfTheFiveArmies\02.TheBattleOfTheFiveArmies.csproj", "{3F071D6E-D19F-40A4-A41F-CAE7EBABA7E8}"
EndProject
Project("{FAE04EC0-301F-11D3-BF4B-00C04F79EFBC}") = "03.StreetRacing", "03.StreetRacing\03.StreetRacing.csproj", "{BD6B7856-ED2A-4295-9E82-101E3E05E03D}"
EndProject
Global
	GlobalSection(SolutionConfigurationPlatforms) = preSolution
		Debug|Any CPU = Debug|Any CPU
		Release|Any CPU = Release|Any CPU
	EndGlobalSection
	GlobalSection(ProjectConfigurationPlatforms) = postSolution
		{3CD769AD-B1FE-463A-B37A-223ADF2E8F34}.Debug|Any CPU.ActiveCfg = Debug|Any CPU
		{3CD769AD-B1FE-463A-B37A-223ADF2E8F34}.Debug|Any CPU.Build.0 = Debug|Any CPU
		{3CD769AD-B1FE-463A-B37A-223ADF2E8F34}.Release|Any CPU.ActiveCfg = Release|Any CPU
		{3CD769AD-B1FE-463A-B37A-223ADF2E8F34}.Release|Any CPU.Build.0 = Release|Any CPU
		{3F071D6E-D19F-40A4-A41F-CAE7EBABA7E8}.Debug|Any CPU.ActiveCfg = Debug|Any CPU
		{3F071D6E-D19F-40A4-A41F-CAE7EBABA7E8}.Debug|Any CPU.Build.0 = Debug|Any CPU
		{3F071D6E-D19F-40A4-A41F-CAE7EBABA7E8}.Release|Any CPU.ActiveCfg = Release|Any CPU
		{3F071D6E-D19F-40A4-A41F-CAE7EBABA7E8}.Release|Any CPU.Build.0 = Release|Any CPU
		{BD6B7856-ED2A-4295-9E82-101E3E05E03D}.Debug|Any CPU.ActiveCfg = Debug|Any CPU
		{BD6B7856-ED2A-4295-9E82-101E3E05E03D}.Debug|Any CPU.Build.0 = Debug|Any CPU
		{BD6B7856-ED2A-4295-9E82-101E3E05E03D}.Release|Any CPU.ActiveCfg = Release|Any CPU
		{BD6B7856-ED2A-4295-9E82-101E3E05E03D}.Release|Any CPU.Build.0 = Release|Any CPU
	EndGlobalSection
	GlobalSection(SolutionProperties) = preSolution
		HideSolutionNode = FALSE
	EndGlobalSection
	GlobalSection(ExtensibilityGlobals) = postSolution
		SolutionGuid = {F6324A12-61A4-4925-B687-58FA18E3B8F3}
	EndGlobalSection
EndGlobal
