
Microsoft Visual Studio Solution File, Format Version 12.00
# Visual Studio Version 17
VisualStudioVersion = 17.3.32819.101
MinimumVisualStudioVersion = 10.0.40219.1
Project("{9A19103F-16F7-4668-BE54-9A1E7A4F7556}") = "L01.PermutationsWithoutRepetitions", "L01.PermutationsWithoutRepetitions\L01.PermutationsWithoutRepetitions.csproj", "{59C3840E-0AD2-4A35-842A-70DB9A580D5D}"
EndProject
Project("{9A19103F-16F7-4668-BE54-9A1E7A4F7556}") = "L02.PermutationsWithRepetitions", "L02.PermutationsWithRepetitions\L02.PermutationsWithRepetitions.csproj", "{B835F93C-EE4A-4B9B-A3AA-990E9150DEE2}"
EndProject
Project("{9A19103F-16F7-4668-BE54-9A1E7A4F7556}") = "L03.VariationsWithoutRepetitions", "L03.VariationsWithoutRepetitions\L03.VariationsWithoutRepetitions.csproj", "{1BE5D2D5-8E0A-4A5D-A122-96F9096326D4}"
EndProject
Project("{9A19103F-16F7-4668-BE54-9A1E7A4F7556}") = "L04.VariationsWithRepetition", "L04.VariationsWithRepetition\L04.VariationsWithRepetition.csproj", "{61F6433A-5044-470D-BE96-1352DB520721}"
EndProject
Project("{9A19103F-16F7-4668-BE54-9A1E7A4F7556}") = "L05.CombinationsWithoutRepetition", "L05.CombinationsWithoutRepetition\L05.CombinationsWithoutRepetition.csproj", "{F2C0DE5C-CAA3-4686-B2B7-6B206D0CF314}"
EndProject
Project("{9A19103F-16F7-4668-BE54-9A1E7A4F7556}") = "L06.CombinationsWithRepetition", "L06.CombinationsWithRepetition\L06.CombinationsWithRepetition.csproj", "{3A219B65-EA5C-4304-8E6B-A2D8B267449A}"
EndProject
Project("{9A19103F-16F7-4668-BE54-9A1E7A4F7556}") = "L07.NChooseKCount", "L07.NChooseKCount\L07.NChooseKCount.csproj", "{9054DF4F-8B37-425D-97B9-48BA80FF017C}"
EndProject
Project("{9A19103F-16F7-4668-BE54-9A1E7A4F7556}") = "Ex01.ReverseArray", "Ex01.ReverseArray\Ex01.ReverseArray.csproj", "{6BBC0B6D-2AD9-4E73-9D50-B1A220B2DC28}"
EndProject
Project("{9A19103F-16F7-4668-BE54-9A1E7A4F7556}") = "Ex02.NestedLoopsToRecursion", "Ex02.NestedLoopsToRecursion\Ex02.NestedLoopsToRecursion.csproj", "{148318E5-FBD1-4609-AE10-1C6A38B7F698}"
EndProject
Project("{9A19103F-16F7-4668-BE54-9A1E7A4F7556}") = "Ex03.CombinationsWithRepetition", "Ex03.CombinationsWithRepetition\Ex03.CombinationsWithRepetition.csproj", "{52BAFEF1-4C0B-4309-A3F5-2B7BB353AAB8}"
EndProject
Project("{9A19103F-16F7-4668-BE54-9A1E7A4F7556}") = "Ex04.CombinationsWithoutRepetition", "Ex04.CombinationsWithoutRepetition\Ex04.CombinationsWithoutRepetition.csproj", "{341BAAC9-6D74-4A5B-8B54-C8F519AC9381}"
EndProject
Project("{9A19103F-16F7-4668-BE54-9A1E7A4F7556}") = "Ex05.ConnectedAreasInMatrix", "Ex05.ConnectedAreasInMatrix\Ex05.ConnectedAreasInMatrix.csproj", "{EE473D4F-F9B7-44D0-A851-E256439AE693}"
EndProject
Project("{FAE04EC0-301F-11D3-BF4B-00C04F79EFBC}") = "Ex06.Cinema", "Ex06.Cinema\Ex06.Cinema.csproj", "{3B1DBC37-DECE-4113-BE3E-D153062A213E}"
EndProject
Project("{FAE04EC0-301F-11D3-BF4B-00C04F79EFBC}") = "Ex07.WordCruncher", "Ex07.WordCruncher\Ex07.WordCruncher.csproj", "{CA41430C-540A-44BA-831A-184A550392DE}"
EndProject
Project("{FAE04EC0-301F-11D3-BF4B-00C04F79EFBC}") = "Ex08.SchoolTeams", "Ex08.SchoolTeams\Ex08.SchoolTeams.csproj", "{F5667F55-C909-4B16-BE11-5E3393B40E05}"
EndProject
Global
	GlobalSection(SolutionConfigurationPlatforms) = preSolution
		Debug|Any CPU = Debug|Any CPU
		Release|Any CPU = Release|Any CPU
	EndGlobalSection
	GlobalSection(ProjectConfigurationPlatforms) = postSolution
		{59C3840E-0AD2-4A35-842A-70DB9A580D5D}.Debug|Any CPU.ActiveCfg = Debug|Any CPU
		{59C3840E-0AD2-4A35-842A-70DB9A580D5D}.Debug|Any CPU.Build.0 = Debug|Any CPU
		{59C3840E-0AD2-4A35-842A-70DB9A580D5D}.Release|Any CPU.ActiveCfg = Release|Any CPU
		{59C3840E-0AD2-4A35-842A-70DB9A580D5D}.Release|Any CPU.Build.0 = Release|Any CPU
		{B835F93C-EE4A-4B9B-A3AA-990E9150DEE2}.Debug|Any CPU.ActiveCfg = Debug|Any CPU
		{B835F93C-EE4A-4B9B-A3AA-990E9150DEE2}.Debug|Any CPU.Build.0 = Debug|Any CPU
		{B835F93C-EE4A-4B9B-A3AA-990E9150DEE2}.Release|Any CPU.ActiveCfg = Release|Any CPU
		{B835F93C-EE4A-4B9B-A3AA-990E9150DEE2}.Release|Any CPU.Build.0 = Release|Any CPU
		{1BE5D2D5-8E0A-4A5D-A122-96F9096326D4}.Debug|Any CPU.ActiveCfg = Debug|Any CPU
		{1BE5D2D5-8E0A-4A5D-A122-96F9096326D4}.Debug|Any CPU.Build.0 = Debug|Any CPU
		{1BE5D2D5-8E0A-4A5D-A122-96F9096326D4}.Release|Any CPU.ActiveCfg = Release|Any CPU
		{1BE5D2D5-8E0A-4A5D-A122-96F9096326D4}.Release|Any CPU.Build.0 = Release|Any CPU
		{61F6433A-5044-470D-BE96-1352DB520721}.Debug|Any CPU.ActiveCfg = Debug|Any CPU
		{61F6433A-5044-470D-BE96-1352DB520721}.Debug|Any CPU.Build.0 = Debug|Any CPU
		{61F6433A-5044-470D-BE96-1352DB520721}.Release|Any CPU.ActiveCfg = Release|Any CPU
		{61F6433A-5044-470D-BE96-1352DB520721}.Release|Any CPU.Build.0 = Release|Any CPU
		{F2C0DE5C-CAA3-4686-B2B7-6B206D0CF314}.Debug|Any CPU.ActiveCfg = Debug|Any CPU
		{F2C0DE5C-CAA3-4686-B2B7-6B206D0CF314}.Debug|Any CPU.Build.0 = Debug|Any CPU
		{F2C0DE5C-CAA3-4686-B2B7-6B206D0CF314}.Release|Any CPU.ActiveCfg = Release|Any CPU
		{F2C0DE5C-CAA3-4686-B2B7-6B206D0CF314}.Release|Any CPU.Build.0 = Release|Any CPU
		{3A219B65-EA5C-4304-8E6B-A2D8B267449A}.Debug|Any CPU.ActiveCfg = Debug|Any CPU
		{3A219B65-EA5C-4304-8E6B-A2D8B267449A}.Debug|Any CPU.Build.0 = Debug|Any CPU
		{3A219B65-EA5C-4304-8E6B-A2D8B267449A}.Release|Any CPU.ActiveCfg = Release|Any CPU
		{3A219B65-EA5C-4304-8E6B-A2D8B267449A}.Release|Any CPU.Build.0 = Release|Any CPU
		{9054DF4F-8B37-425D-97B9-48BA80FF017C}.Debug|Any CPU.ActiveCfg = Debug|Any CPU
		{9054DF4F-8B37-425D-97B9-48BA80FF017C}.Debug|Any CPU.Build.0 = Debug|Any CPU
		{9054DF4F-8B37-425D-97B9-48BA80FF017C}.Release|Any CPU.ActiveCfg = Release|Any CPU
		{9054DF4F-8B37-425D-97B9-48BA80FF017C}.Release|Any CPU.Build.0 = Release|Any CPU
		{6BBC0B6D-2AD9-4E73-9D50-B1A220B2DC28}.Debug|Any CPU.ActiveCfg = Debug|Any CPU
		{6BBC0B6D-2AD9-4E73-9D50-B1A220B2DC28}.Debug|Any CPU.Build.0 = Debug|Any CPU
		{6BBC0B6D-2AD9-4E73-9D50-B1A220B2DC28}.Release|Any CPU.ActiveCfg = Release|Any CPU
		{6BBC0B6D-2AD9-4E73-9D50-B1A220B2DC28}.Release|Any CPU.Build.0 = Release|Any CPU
		{148318E5-FBD1-4609-AE10-1C6A38B7F698}.Debug|Any CPU.ActiveCfg = Debug|Any CPU
		{148318E5-FBD1-4609-AE10-1C6A38B7F698}.Debug|Any CPU.Build.0 = Debug|Any CPU
		{148318E5-FBD1-4609-AE10-1C6A38B7F698}.Release|Any CPU.ActiveCfg = Release|Any CPU
		{148318E5-FBD1-4609-AE10-1C6A38B7F698}.Release|Any CPU.Build.0 = Release|Any CPU
		{52BAFEF1-4C0B-4309-A3F5-2B7BB353AAB8}.Debug|Any CPU.ActiveCfg = Debug|Any CPU
		{52BAFEF1-4C0B-4309-A3F5-2B7BB353AAB8}.Debug|Any CPU.Build.0 = Debug|Any CPU
		{52BAFEF1-4C0B-4309-A3F5-2B7BB353AAB8}.Release|Any CPU.ActiveCfg = Release|Any CPU
		{52BAFEF1-4C0B-4309-A3F5-2B7BB353AAB8}.Release|Any CPU.Build.0 = Release|Any CPU
		{341BAAC9-6D74-4A5B-8B54-C8F519AC9381}.Debug|Any CPU.ActiveCfg = Debug|Any CPU
		{341BAAC9-6D74-4A5B-8B54-C8F519AC9381}.Debug|Any CPU.Build.0 = Debug|Any CPU
		{341BAAC9-6D74-4A5B-8B54-C8F519AC9381}.Release|Any CPU.ActiveCfg = Release|Any CPU
		{341BAAC9-6D74-4A5B-8B54-C8F519AC9381}.Release|Any CPU.Build.0 = Release|Any CPU
		{EE473D4F-F9B7-44D0-A851-E256439AE693}.Debug|Any CPU.ActiveCfg = Debug|Any CPU
		{EE473D4F-F9B7-44D0-A851-E256439AE693}.Debug|Any CPU.Build.0 = Debug|Any CPU
		{EE473D4F-F9B7-44D0-A851-E256439AE693}.Release|Any CPU.ActiveCfg = Release|Any CPU
		{EE473D4F-F9B7-44D0-A851-E256439AE693}.Release|Any CPU.Build.0 = Release|Any CPU
		{3B1DBC37-DECE-4113-BE3E-D153062A213E}.Debug|Any CPU.ActiveCfg = Debug|Any CPU
		{3B1DBC37-DECE-4113-BE3E-D153062A213E}.Debug|Any CPU.Build.0 = Debug|Any CPU
		{3B1DBC37-DECE-4113-BE3E-D153062A213E}.Release|Any CPU.ActiveCfg = Release|Any CPU
		{3B1DBC37-DECE-4113-BE3E-D153062A213E}.Release|Any CPU.Build.0 = Release|Any CPU
		{CA41430C-540A-44BA-831A-184A550392DE}.Debug|Any CPU.ActiveCfg = Debug|Any CPU
		{CA41430C-540A-44BA-831A-184A550392DE}.Debug|Any CPU.Build.0 = Debug|Any CPU
		{CA41430C-540A-44BA-831A-184A550392DE}.Release|Any CPU.ActiveCfg = Release|Any CPU
		{CA41430C-540A-44BA-831A-184A550392DE}.Release|Any CPU.Build.0 = Release|Any CPU
		{F5667F55-C909-4B16-BE11-5E3393B40E05}.Debug|Any CPU.ActiveCfg = Debug|Any CPU
		{F5667F55-C909-4B16-BE11-5E3393B40E05}.Debug|Any CPU.Build.0 = Debug|Any CPU
		{F5667F55-C909-4B16-BE11-5E3393B40E05}.Release|Any CPU.ActiveCfg = Release|Any CPU
		{F5667F55-C909-4B16-BE11-5E3393B40E05}.Release|Any CPU.Build.0 = Release|Any CPU
	EndGlobalSection
	GlobalSection(SolutionProperties) = preSolution
		HideSolutionNode = FALSE
	EndGlobalSection
	GlobalSection(ExtensibilityGlobals) = postSolution
		SolutionGuid = {C01E3D8B-375E-4B29-BFEF-58B938109DE2}
	EndGlobalSection
EndGlobal
