
Microsoft Visual Studio Solution File, Format Version 12.00
# Visual Studio Version 17
VisualStudioVersion = 17.1.32328.378
MinimumVisualStudioVersion = 10.0.40219.1
Project("{9A19103F-16F7-4668-BE54-9A1E7A4F7556}") = "Ex01.TheImitationGame", "Ex01.TheImitationGame\Ex01.TheImitationGame.csproj", "{73F2C32F-9DCC-43A6-9010-8C87A1BA8271}"
EndProject
Project("{9A19103F-16F7-4668-BE54-9A1E7A4F7556}") = "Ex02.AdAstra", "Ex02.AdAstra\Ex02.AdAstra.csproj", "{2D34575E-7AC2-472A-B662-21287B004709}"
EndProject
Project("{FAE04EC0-301F-11D3-BF4B-00C04F79EFBC}") = "ThePianist", "ThePianist\ThePianist.csproj", "{84973B7D-309A-4015-B55D-B255FB512B4F}"
EndProject
Global
	GlobalSection(SolutionConfigurationPlatforms) = preSolution
		Debug|Any CPU = Debug|Any CPU
		Release|Any CPU = Release|Any CPU
	EndGlobalSection
	GlobalSection(ProjectConfigurationPlatforms) = postSolution
		{73F2C32F-9DCC-43A6-9010-8C87A1BA8271}.Debug|Any CPU.ActiveCfg = Debug|Any CPU
		{73F2C32F-9DCC-43A6-9010-8C87A1BA8271}.Debug|Any CPU.Build.0 = Debug|Any CPU
		{73F2C32F-9DCC-43A6-9010-8C87A1BA8271}.Release|Any CPU.ActiveCfg = Release|Any CPU
		{73F2C32F-9DCC-43A6-9010-8C87A1BA8271}.Release|Any CPU.Build.0 = Release|Any CPU
		{2D34575E-7AC2-472A-B662-21287B004709}.Debug|Any CPU.ActiveCfg = Debug|Any CPU
		{2D34575E-7AC2-472A-B662-21287B004709}.Debug|Any CPU.Build.0 = Debug|Any CPU
		{2D34575E-7AC2-472A-B662-21287B004709}.Release|Any CPU.ActiveCfg = Release|Any CPU
		{2D34575E-7AC2-472A-B662-21287B004709}.Release|Any CPU.Build.0 = Release|Any CPU
		{84973B7D-309A-4015-B55D-B255FB512B4F}.Debug|Any CPU.ActiveCfg = Debug|Any CPU
		{84973B7D-309A-4015-B55D-B255FB512B4F}.Debug|Any CPU.Build.0 = Debug|Any CPU
		{84973B7D-309A-4015-B55D-B255FB512B4F}.Release|Any CPU.ActiveCfg = Release|Any CPU
		{84973B7D-309A-4015-B55D-B255FB512B4F}.Release|Any CPU.Build.0 = Release|Any CPU
	EndGlobalSection
	GlobalSection(SolutionProperties) = preSolution
		HideSolutionNode = FALSE
	EndGlobalSection
	GlobalSection(ExtensibilityGlobals) = postSolution
		SolutionGuid = {3ABF0BF7-8D22-4CC2-9651-C5322A0C479C}
	EndGlobalSection
EndGlobal
